
Microsoft Visual Studio Solution File, Format Version 12.00
# Visual Studio Version 16
VisualStudioVersion = 16.0.34301.259
MinimumVisualStudioVersion = 10.0.40219.1
Project("{2150E333-8FDC-42A3-9474-1A3956D46DE8}") = "Creational", "Creational", "{BD3329C4-D254-4243-952E-2A72BAED8B18}"
EndProject
Project("{B1E792BE-AA5F-4E3C-8C82-674BF9C0715B}") = "Factory Method", "Factory Method\Factory Method.tsproj", "{6C8F4EB4-8438-45C6-9DD7-0A17A3EFEB19}"
EndProject
Project("{2150E333-8FDC-42A3-9474-1A3956D46DE8}") = "Structural", "Structural", "{C81935DA-ADCC-47A4-A9B0-7AB3BA48C4AE}"
EndProject
Project("{2150E333-8FDC-42A3-9474-1A3956D46DE8}") = "Behavioral", "Behavioral", "{20AE68FA-FCE1-40F2-82CF-111EDEC07138}"
EndProject
Project("{B1E792BE-AA5F-4E3C-8C82-674BF9C0715B}") = "Factory Abstract", "Factory Abstract\Factory Abstract.tsproj", "{1CEB9DA1-FB2C-4ECD-B127-AAB55761D846}"
EndProject
Project("{B1E792BE-AA5F-4E3C-8C82-674BF9C0715B}") = "Builder1", "Builder1\Builder1.tsproj", "{65C350B9-E611-43A8-BAE0-1695A0E88E10}"
EndProject
Project("{B1E792BE-AA5F-4E3C-8C82-674BF9C0715B}") = "Builder2", "Builder2\Builder2.tsproj", "{5F8AD98F-766E-497D-BF5B-B194911A29E3}"
EndProject
Project("{B1E792BE-AA5F-4E3C-8C82-674BF9C0715B}") = "Singleton", "Singleton\Singleton.tsproj", "{3CF3DE00-89B1-4F9B-BBF5-0808F5AEDD44}"
EndProject
Project("{B1E792BE-AA5F-4E3C-8C82-674BF9C0715B}") = "Prototype", "Prototype\Prototype.tsproj", "{8843049A-6EE6-426F-ADD6-1FCD38525A24}"
EndProject
Global
	GlobalSection(SolutionConfigurationPlatforms) = preSolution
		Debug|TwinCAT CE7 (ARMV7) = Debug|TwinCAT CE7 (ARMV7)
		Debug|TwinCAT OS (ARMT2) = Debug|TwinCAT OS (ARMT2)
		Debug|TwinCAT RT (x64) = Debug|TwinCAT RT (x64)
		Debug|TwinCAT RT (x86) = Debug|TwinCAT RT (x86)
		Release|TwinCAT CE7 (ARMV7) = Release|TwinCAT CE7 (ARMV7)
		Release|TwinCAT OS (ARMT2) = Release|TwinCAT OS (ARMT2)
		Release|TwinCAT RT (x64) = Release|TwinCAT RT (x64)
		Release|TwinCAT RT (x86) = Release|TwinCAT RT (x86)
	EndGlobalSection
	GlobalSection(ProjectConfigurationPlatforms) = postSolution
		{6C8F4EB4-8438-45C6-9DD7-0A17A3EFEB19}.Debug|TwinCAT CE7 (ARMV7).ActiveCfg = Debug|TwinCAT CE7 (ARMV7)
		{6C8F4EB4-8438-45C6-9DD7-0A17A3EFEB19}.Debug|TwinCAT CE7 (ARMV7).Build.0 = Debug|TwinCAT CE7 (ARMV7)
		{6C8F4EB4-8438-45C6-9DD7-0A17A3EFEB19}.Debug|TwinCAT OS (ARMT2).ActiveCfg = Debug|TwinCAT OS (ARMT2)
		{6C8F4EB4-8438-45C6-9DD7-0A17A3EFEB19}.Debug|TwinCAT OS (ARMT2).Build.0 = Debug|TwinCAT OS (ARMT2)
		{6C8F4EB4-8438-45C6-9DD7-0A17A3EFEB19}.Debug|TwinCAT RT (x64).ActiveCfg = Debug|TwinCAT RT (x64)
		{6C8F4EB4-8438-45C6-9DD7-0A17A3EFEB19}.Debug|TwinCAT RT (x64).Build.0 = Debug|TwinCAT RT (x64)
		{6C8F4EB4-8438-45C6-9DD7-0A17A3EFEB19}.Debug|TwinCAT RT (x86).ActiveCfg = Debug|TwinCAT RT (x86)
		{6C8F4EB4-8438-45C6-9DD7-0A17A3EFEB19}.Debug|TwinCAT RT (x86).Build.0 = Debug|TwinCAT RT (x86)
		{6C8F4EB4-8438-45C6-9DD7-0A17A3EFEB19}.Release|TwinCAT CE7 (ARMV7).ActiveCfg = Release|TwinCAT CE7 (ARMV7)
		{6C8F4EB4-8438-45C6-9DD7-0A17A3EFEB19}.Release|TwinCAT CE7 (ARMV7).Build.0 = Release|TwinCAT CE7 (ARMV7)
		{6C8F4EB4-8438-45C6-9DD7-0A17A3EFEB19}.Release|TwinCAT OS (ARMT2).ActiveCfg = Release|TwinCAT OS (ARMT2)
		{6C8F4EB4-8438-45C6-9DD7-0A17A3EFEB19}.Release|TwinCAT OS (ARMT2).Build.0 = Release|TwinCAT OS (ARMT2)
		{6C8F4EB4-8438-45C6-9DD7-0A17A3EFEB19}.Release|TwinCAT RT (x64).ActiveCfg = Release|TwinCAT RT (x64)
		{6C8F4EB4-8438-45C6-9DD7-0A17A3EFEB19}.Release|TwinCAT RT (x64).Build.0 = Release|TwinCAT RT (x64)
		{6C8F4EB4-8438-45C6-9DD7-0A17A3EFEB19}.Release|TwinCAT RT (x86).ActiveCfg = Release|TwinCAT RT (x86)
		{6C8F4EB4-8438-45C6-9DD7-0A17A3EFEB19}.Release|TwinCAT RT (x86).Build.0 = Release|TwinCAT RT (x86)
		{1CEB9DA1-FB2C-4ECD-B127-AAB55761D846}.Debug|TwinCAT CE7 (ARMV7).ActiveCfg = Debug|TwinCAT CE7 (ARMV7)
		{1CEB9DA1-FB2C-4ECD-B127-AAB55761D846}.Debug|TwinCAT CE7 (ARMV7).Build.0 = Debug|TwinCAT CE7 (ARMV7)
		{1CEB9DA1-FB2C-4ECD-B127-AAB55761D846}.Debug|TwinCAT OS (ARMT2).ActiveCfg = Debug|TwinCAT OS (ARMT2)
		{1CEB9DA1-FB2C-4ECD-B127-AAB55761D846}.Debug|TwinCAT OS (ARMT2).Build.0 = Debug|TwinCAT OS (ARMT2)
		{1CEB9DA1-FB2C-4ECD-B127-AAB55761D846}.Debug|TwinCAT RT (x64).ActiveCfg = Debug|TwinCAT RT (x64)
		{1CEB9DA1-FB2C-4ECD-B127-AAB55761D846}.Debug|TwinCAT RT (x64).Build.0 = Debug|TwinCAT RT (x64)
		{1CEB9DA1-FB2C-4ECD-B127-AAB55761D846}.Debug|TwinCAT RT (x86).ActiveCfg = Debug|TwinCAT RT (x86)
		{1CEB9DA1-FB2C-4ECD-B127-AAB55761D846}.Debug|TwinCAT RT (x86).Build.0 = Debug|TwinCAT RT (x86)
		{1CEB9DA1-FB2C-4ECD-B127-AAB55761D846}.Release|TwinCAT CE7 (ARMV7).ActiveCfg = Release|TwinCAT CE7 (ARMV7)
		{1CEB9DA1-FB2C-4ECD-B127-AAB55761D846}.Release|TwinCAT CE7 (ARMV7).Build.0 = Release|TwinCAT CE7 (ARMV7)
		{1CEB9DA1-FB2C-4ECD-B127-AAB55761D846}.Release|TwinCAT OS (ARMT2).ActiveCfg = Release|TwinCAT OS (ARMT2)
		{1CEB9DA1-FB2C-4ECD-B127-AAB55761D846}.Release|TwinCAT OS (ARMT2).Build.0 = Release|TwinCAT OS (ARMT2)
		{1CEB9DA1-FB2C-4ECD-B127-AAB55761D846}.Release|TwinCAT RT (x64).ActiveCfg = Release|TwinCAT RT (x64)
		{1CEB9DA1-FB2C-4ECD-B127-AAB55761D846}.Release|TwinCAT RT (x64).Build.0 = Release|TwinCAT RT (x64)
		{1CEB9DA1-FB2C-4ECD-B127-AAB55761D846}.Release|TwinCAT RT (x86).ActiveCfg = Release|TwinCAT RT (x86)
		{1CEB9DA1-FB2C-4ECD-B127-AAB55761D846}.Release|TwinCAT RT (x86).Build.0 = Release|TwinCAT RT (x86)
		{65C350B9-E611-43A8-BAE0-1695A0E88E10}.Debug|TwinCAT CE7 (ARMV7).ActiveCfg = Debug|TwinCAT CE7 (ARMV7)
		{65C350B9-E611-43A8-BAE0-1695A0E88E10}.Debug|TwinCAT CE7 (ARMV7).Build.0 = Debug|TwinCAT CE7 (ARMV7)
		{65C350B9-E611-43A8-BAE0-1695A0E88E10}.Debug|TwinCAT OS (ARMT2).ActiveCfg = Debug|TwinCAT OS (ARMT2)
		{65C350B9-E611-43A8-BAE0-1695A0E88E10}.Debug|TwinCAT OS (ARMT2).Build.0 = Debug|TwinCAT OS (ARMT2)
		{65C350B9-E611-43A8-BAE0-1695A0E88E10}.Debug|TwinCAT RT (x64).ActiveCfg = Debug|TwinCAT RT (x64)
		{65C350B9-E611-43A8-BAE0-1695A0E88E10}.Debug|TwinCAT RT (x64).Build.0 = Debug|TwinCAT RT (x64)
		{65C350B9-E611-43A8-BAE0-1695A0E88E10}.Debug|TwinCAT RT (x86).ActiveCfg = Debug|TwinCAT RT (x86)
		{65C350B9-E611-43A8-BAE0-1695A0E88E10}.Debug|TwinCAT RT (x86).Build.0 = Debug|TwinCAT RT (x86)
		{65C350B9-E611-43A8-BAE0-1695A0E88E10}.Release|TwinCAT CE7 (ARMV7).ActiveCfg = Release|TwinCAT CE7 (ARMV7)
		{65C350B9-E611-43A8-BAE0-1695A0E88E10}.Release|TwinCAT CE7 (ARMV7).Build.0 = Release|TwinCAT CE7 (ARMV7)
		{65C350B9-E611-43A8-BAE0-1695A0E88E10}.Release|TwinCAT OS (ARMT2).ActiveCfg = Release|TwinCAT OS (ARMT2)
		{65C350B9-E611-43A8-BAE0-1695A0E88E10}.Release|TwinCAT OS (ARMT2).Build.0 = Release|TwinCAT OS (ARMT2)
		{65C350B9-E611-43A8-BAE0-1695A0E88E10}.Release|TwinCAT RT (x64).ActiveCfg = Release|TwinCAT RT (x64)
		{65C350B9-E611-43A8-BAE0-1695A0E88E10}.Release|TwinCAT RT (x64).Build.0 = Release|TwinCAT RT (x64)
		{65C350B9-E611-43A8-BAE0-1695A0E88E10}.Release|TwinCAT RT (x86).ActiveCfg = Release|TwinCAT RT (x86)
		{65C350B9-E611-43A8-BAE0-1695A0E88E10}.Release|TwinCAT RT (x86).Build.0 = Release|TwinCAT RT (x86)
		{5F8AD98F-766E-497D-BF5B-B194911A29E3}.Debug|TwinCAT CE7 (ARMV7).ActiveCfg = Debug|TwinCAT CE7 (ARMV7)
		{5F8AD98F-766E-497D-BF5B-B194911A29E3}.Debug|TwinCAT CE7 (ARMV7).Build.0 = Debug|TwinCAT CE7 (ARMV7)
		{5F8AD98F-766E-497D-BF5B-B194911A29E3}.Debug|TwinCAT OS (ARMT2).ActiveCfg = Debug|TwinCAT OS (ARMT2)
		{5F8AD98F-766E-497D-BF5B-B194911A29E3}.Debug|TwinCAT OS (ARMT2).Build.0 = Debug|TwinCAT OS (ARMT2)
		{5F8AD98F-766E-497D-BF5B-B194911A29E3}.Debug|TwinCAT RT (x64).ActiveCfg = Debug|TwinCAT RT (x64)
		{5F8AD98F-766E-497D-BF5B-B194911A29E3}.Debug|TwinCAT RT (x64).Build.0 = Debug|TwinCAT RT (x64)
		{5F8AD98F-766E-497D-BF5B-B194911A29E3}.Debug|TwinCAT RT (x86).ActiveCfg = Debug|TwinCAT RT (x86)
		{5F8AD98F-766E-497D-BF5B-B194911A29E3}.Debug|TwinCAT RT (x86).Build.0 = Debug|TwinCAT RT (x86)
		{5F8AD98F-766E-497D-BF5B-B194911A29E3}.Release|TwinCAT CE7 (ARMV7).ActiveCfg = Release|TwinCAT CE7 (ARMV7)
		{5F8AD98F-766E-497D-BF5B-B194911A29E3}.Release|TwinCAT CE7 (ARMV7).Build.0 = Release|TwinCAT CE7 (ARMV7)
		{5F8AD98F-766E-497D-BF5B-B194911A29E3}.Release|TwinCAT OS (ARMT2).ActiveCfg = Release|TwinCAT OS (ARMT2)
		{5F8AD98F-766E-497D-BF5B-B194911A29E3}.Release|TwinCAT OS (ARMT2).Build.0 = Release|TwinCAT OS (ARMT2)
		{5F8AD98F-766E-497D-BF5B-B194911A29E3}.Release|TwinCAT RT (x64).ActiveCfg = Release|TwinCAT RT (x64)
		{5F8AD98F-766E-497D-BF5B-B194911A29E3}.Release|TwinCAT RT (x64).Build.0 = Release|TwinCAT RT (x64)
		{5F8AD98F-766E-497D-BF5B-B194911A29E3}.Release|TwinCAT RT (x86).ActiveCfg = Release|TwinCAT RT (x86)
		{5F8AD98F-766E-497D-BF5B-B194911A29E3}.Release|TwinCAT RT (x86).Build.0 = Release|TwinCAT RT (x86)
		{3CF3DE00-89B1-4F9B-BBF5-0808F5AEDD44}.Debug|TwinCAT CE7 (ARMV7).ActiveCfg = Debug|TwinCAT CE7 (ARMV7)
		{3CF3DE00-89B1-4F9B-BBF5-0808F5AEDD44}.Debug|TwinCAT CE7 (ARMV7).Build.0 = Debug|TwinCAT CE7 (ARMV7)
		{3CF3DE00-89B1-4F9B-BBF5-0808F5AEDD44}.Debug|TwinCAT OS (ARMT2).ActiveCfg = Debug|TwinCAT OS (ARMT2)
		{3CF3DE00-89B1-4F9B-BBF5-0808F5AEDD44}.Debug|TwinCAT OS (ARMT2).Build.0 = Debug|TwinCAT OS (ARMT2)
		{3CF3DE00-89B1-4F9B-BBF5-0808F5AEDD44}.Debug|TwinCAT RT (x64).ActiveCfg = Debug|TwinCAT RT (x64)
		{3CF3DE00-89B1-4F9B-BBF5-0808F5AEDD44}.Debug|TwinCAT RT (x64).Build.0 = Debug|TwinCAT RT (x64)
		{3CF3DE00-89B1-4F9B-BBF5-0808F5AEDD44}.Debug|TwinCAT RT (x86).ActiveCfg = Debug|TwinCAT RT (x86)
		{3CF3DE00-89B1-4F9B-BBF5-0808F5AEDD44}.Debug|TwinCAT RT (x86).Build.0 = Debug|TwinCAT RT (x86)
		{3CF3DE00-89B1-4F9B-BBF5-0808F5AEDD44}.Release|TwinCAT CE7 (ARMV7).ActiveCfg = Release|TwinCAT CE7 (ARMV7)
		{3CF3DE00-89B1-4F9B-BBF5-0808F5AEDD44}.Release|TwinCAT CE7 (ARMV7).Build.0 = Release|TwinCAT CE7 (ARMV7)
		{3CF3DE00-89B1-4F9B-BBF5-0808F5AEDD44}.Release|TwinCAT OS (ARMT2).ActiveCfg = Release|TwinCAT OS (ARMT2)
		{3CF3DE00-89B1-4F9B-BBF5-0808F5AEDD44}.Release|TwinCAT OS (ARMT2).Build.0 = Release|TwinCAT OS (ARMT2)
		{3CF3DE00-89B1-4F9B-BBF5-0808F5AEDD44}.Release|TwinCAT RT (x64).ActiveCfg = Release|TwinCAT RT (x64)
		{3CF3DE00-89B1-4F9B-BBF5-0808F5AEDD44}.Release|TwinCAT RT (x64).Build.0 = Release|TwinCAT RT (x64)
		{3CF3DE00-89B1-4F9B-BBF5-0808F5AEDD44}.Release|TwinCAT RT (x86).ActiveCfg = Release|TwinCAT RT (x86)
		{3CF3DE00-89B1-4F9B-BBF5-0808F5AEDD44}.Release|TwinCAT RT (x86).Build.0 = Release|TwinCAT RT (x86)
		{8843049A-6EE6-426F-ADD6-1FCD38525A24}.Debug|TwinCAT CE7 (ARMV7).ActiveCfg = Debug|TwinCAT CE7 (ARMV7)
		{8843049A-6EE6-426F-ADD6-1FCD38525A24}.Debug|TwinCAT CE7 (ARMV7).Build.0 = Debug|TwinCAT CE7 (ARMV7)
		{8843049A-6EE6-426F-ADD6-1FCD38525A24}.Debug|TwinCAT OS (ARMT2).ActiveCfg = Debug|TwinCAT OS (ARMT2)
		{8843049A-6EE6-426F-ADD6-1FCD38525A24}.Debug|TwinCAT OS (ARMT2).Build.0 = Debug|TwinCAT OS (ARMT2)
		{8843049A-6EE6-426F-ADD6-1FCD38525A24}.Debug|TwinCAT RT (x64).ActiveCfg = Debug|TwinCAT RT (x64)
		{8843049A-6EE6-426F-ADD6-1FCD38525A24}.Debug|TwinCAT RT (x64).Build.0 = Debug|TwinCAT RT (x64)
		{8843049A-6EE6-426F-ADD6-1FCD38525A24}.Debug|TwinCAT RT (x86).ActiveCfg = Debug|TwinCAT RT (x86)
		{8843049A-6EE6-426F-ADD6-1FCD38525A24}.Debug|TwinCAT RT (x86).Build.0 = Debug|TwinCAT RT (x86)
		{8843049A-6EE6-426F-ADD6-1FCD38525A24}.Release|TwinCAT CE7 (ARMV7).ActiveCfg = Release|TwinCAT CE7 (ARMV7)
		{8843049A-6EE6-426F-ADD6-1FCD38525A24}.Release|TwinCAT CE7 (ARMV7).Build.0 = Release|TwinCAT CE7 (ARMV7)
		{8843049A-6EE6-426F-ADD6-1FCD38525A24}.Release|TwinCAT OS (ARMT2).ActiveCfg = Release|TwinCAT OS (ARMT2)
		{8843049A-6EE6-426F-ADD6-1FCD38525A24}.Release|TwinCAT OS (ARMT2).Build.0 = Release|TwinCAT OS (ARMT2)
		{8843049A-6EE6-426F-ADD6-1FCD38525A24}.Release|TwinCAT RT (x64).ActiveCfg = Release|TwinCAT RT (x64)
		{8843049A-6EE6-426F-ADD6-1FCD38525A24}.Release|TwinCAT RT (x64).Build.0 = Release|TwinCAT RT (x64)
		{8843049A-6EE6-426F-ADD6-1FCD38525A24}.Release|TwinCAT RT (x86).ActiveCfg = Release|TwinCAT RT (x86)
		{8843049A-6EE6-426F-ADD6-1FCD38525A24}.Release|TwinCAT RT (x86).Build.0 = Release|TwinCAT RT (x86)
		{D391FBAB-246B-43DD-B43D-417621E09086}.Debug|TwinCAT CE7 (ARMV7).ActiveCfg = Debug|TwinCAT CE7 (ARMV7)
		{D391FBAB-246B-43DD-B43D-417621E09086}.Debug|TwinCAT CE7 (ARMV7).Build.0 = Debug|TwinCAT CE7 (ARMV7)
		{D391FBAB-246B-43DD-B43D-417621E09086}.Debug|TwinCAT OS (ARMT2).ActiveCfg = Debug|TwinCAT OS (ARMT2)
		{D391FBAB-246B-43DD-B43D-417621E09086}.Debug|TwinCAT OS (ARMT2).Build.0 = Debug|TwinCAT OS (ARMT2)
		{D391FBAB-246B-43DD-B43D-417621E09086}.Debug|TwinCAT RT (x64).ActiveCfg = Debug|TwinCAT RT (x64)
		{D391FBAB-246B-43DD-B43D-417621E09086}.Debug|TwinCAT RT (x64).Build.0 = Debug|TwinCAT RT (x64)
		{D391FBAB-246B-43DD-B43D-417621E09086}.Debug|TwinCAT RT (x86).ActiveCfg = Debug|TwinCAT RT (x86)
		{D391FBAB-246B-43DD-B43D-417621E09086}.Debug|TwinCAT RT (x86).Build.0 = Debug|TwinCAT RT (x86)
		{D391FBAB-246B-43DD-B43D-417621E09086}.Release|TwinCAT CE7 (ARMV7).ActiveCfg = Release|TwinCAT CE7 (ARMV7)
		{D391FBAB-246B-43DD-B43D-417621E09086}.Release|TwinCAT CE7 (ARMV7).Build.0 = Release|TwinCAT CE7 (ARMV7)
		{D391FBAB-246B-43DD-B43D-417621E09086}.Release|TwinCAT OS (ARMT2).ActiveCfg = Release|TwinCAT OS (ARMT2)
		{D391FBAB-246B-43DD-B43D-417621E09086}.Release|TwinCAT OS (ARMT2).Build.0 = Release|TwinCAT OS (ARMT2)
		{D391FBAB-246B-43DD-B43D-417621E09086}.Release|TwinCAT RT (x64).ActiveCfg = Release|TwinCAT RT (x64)
		{D391FBAB-246B-43DD-B43D-417621E09086}.Release|TwinCAT RT (x64).Build.0 = Release|TwinCAT RT (x64)
		{D391FBAB-246B-43DD-B43D-417621E09086}.Release|TwinCAT RT (x86).ActiveCfg = Release|TwinCAT RT (x86)
		{D391FBAB-246B-43DD-B43D-417621E09086}.Release|TwinCAT RT (x86).Build.0 = Release|TwinCAT RT (x86)
		{90199A90-06D9-4D32-81E6-ADF031AC89F7}.Debug|TwinCAT CE7 (ARMV7).ActiveCfg = Debug|TwinCAT CE7 (ARMV7)
		{90199A90-06D9-4D32-81E6-ADF031AC89F7}.Debug|TwinCAT CE7 (ARMV7).Build.0 = Debug|TwinCAT CE7 (ARMV7)
		{90199A90-06D9-4D32-81E6-ADF031AC89F7}.Debug|TwinCAT OS (ARMT2).ActiveCfg = Debug|TwinCAT OS (ARMT2)
		{90199A90-06D9-4D32-81E6-ADF031AC89F7}.Debug|TwinCAT OS (ARMT2).Build.0 = Debug|TwinCAT OS (ARMT2)
		{90199A90-06D9-4D32-81E6-ADF031AC89F7}.Debug|TwinCAT RT (x64).ActiveCfg = Debug|TwinCAT RT (x64)
		{90199A90-06D9-4D32-81E6-ADF031AC89F7}.Debug|TwinCAT RT (x64).Build.0 = Debug|TwinCAT RT (x64)
		{90199A90-06D9-4D32-81E6-ADF031AC89F7}.Debug|TwinCAT RT (x86).ActiveCfg = Debug|TwinCAT RT (x86)
		{90199A90-06D9-4D32-81E6-ADF031AC89F7}.Debug|TwinCAT RT (x86).Build.0 = Debug|TwinCAT RT (x86)
		{90199A90-06D9-4D32-81E6-ADF031AC89F7}.Release|TwinCAT CE7 (ARMV7).ActiveCfg = Release|TwinCAT CE7 (ARMV7)
		{90199A90-06D9-4D32-81E6-ADF031AC89F7}.Release|TwinCAT CE7 (ARMV7).Build.0 = Release|TwinCAT CE7 (ARMV7)
		{90199A90-06D9-4D32-81E6-ADF031AC89F7}.Release|TwinCAT OS (ARMT2).ActiveCfg = Release|TwinCAT OS (ARMT2)
		{90199A90-06D9-4D32-81E6-ADF031AC89F7}.Release|TwinCAT OS (ARMT2).Build.0 = Release|TwinCAT OS (ARMT2)
		{90199A90-06D9-4D32-81E6-ADF031AC89F7}.Release|TwinCAT RT (x64).ActiveCfg = Release|TwinCAT RT (x64)
		{90199A90-06D9-4D32-81E6-ADF031AC89F7}.Release|TwinCAT RT (x64).Build.0 = Release|TwinCAT RT (x64)
		{90199A90-06D9-4D32-81E6-ADF031AC89F7}.Release|TwinCAT RT (x86).ActiveCfg = Release|TwinCAT RT (x86)
		{90199A90-06D9-4D32-81E6-ADF031AC89F7}.Release|TwinCAT RT (x86).Build.0 = Release|TwinCAT RT (x86)
		{31578B3B-8D10-4FDE-80ED-A344E0826C3B}.Debug|TwinCAT CE7 (ARMV7).ActiveCfg = Debug|TwinCAT CE7 (ARMV7)
		{31578B3B-8D10-4FDE-80ED-A344E0826C3B}.Debug|TwinCAT CE7 (ARMV7).Build.0 = Debug|TwinCAT CE7 (ARMV7)
		{31578B3B-8D10-4FDE-80ED-A344E0826C3B}.Debug|TwinCAT OS (ARMT2).ActiveCfg = Debug|TwinCAT OS (ARMT2)
		{31578B3B-8D10-4FDE-80ED-A344E0826C3B}.Debug|TwinCAT OS (ARMT2).Build.0 = Debug|TwinCAT OS (ARMT2)
		{31578B3B-8D10-4FDE-80ED-A344E0826C3B}.Debug|TwinCAT RT (x64).ActiveCfg = Debug|TwinCAT RT (x64)
		{31578B3B-8D10-4FDE-80ED-A344E0826C3B}.Debug|TwinCAT RT (x64).Build.0 = Debug|TwinCAT RT (x64)
		{31578B3B-8D10-4FDE-80ED-A344E0826C3B}.Debug|TwinCAT RT (x86).ActiveCfg = Debug|TwinCAT RT (x86)
		{31578B3B-8D10-4FDE-80ED-A344E0826C3B}.Debug|TwinCAT RT (x86).Build.0 = Debug|TwinCAT RT (x86)
		{31578B3B-8D10-4FDE-80ED-A344E0826C3B}.Release|TwinCAT CE7 (ARMV7).ActiveCfg = Release|TwinCAT CE7 (ARMV7)
		{31578B3B-8D10-4FDE-80ED-A344E0826C3B}.Release|TwinCAT CE7 (ARMV7).Build.0 = Release|TwinCAT CE7 (ARMV7)
		{31578B3B-8D10-4FDE-80ED-A344E0826C3B}.Release|TwinCAT OS (ARMT2).ActiveCfg = Release|TwinCAT OS (ARMT2)
		{31578B3B-8D10-4FDE-80ED-A344E0826C3B}.Release|TwinCAT OS (ARMT2).Build.0 = Release|TwinCAT OS (ARMT2)
		{31578B3B-8D10-4FDE-80ED-A344E0826C3B}.Release|TwinCAT RT (x64).ActiveCfg = Release|TwinCAT RT (x64)
		{31578B3B-8D10-4FDE-80ED-A344E0826C3B}.Release|TwinCAT RT (x64).Build.0 = Release|TwinCAT RT (x64)
		{31578B3B-8D10-4FDE-80ED-A344E0826C3B}.Release|TwinCAT RT (x86).ActiveCfg = Release|TwinCAT RT (x86)
		{31578B3B-8D10-4FDE-80ED-A344E0826C3B}.Release|TwinCAT RT (x86).Build.0 = Release|TwinCAT RT (x86)
		{BEEDADD0-F1C8-4681-B422-0493FA23541E}.Debug|TwinCAT CE7 (ARMV7).ActiveCfg = Debug|TwinCAT CE7 (ARMV7)
		{BEEDADD0-F1C8-4681-B422-0493FA23541E}.Debug|TwinCAT CE7 (ARMV7).Build.0 = Debug|TwinCAT CE7 (ARMV7)
		{BEEDADD0-F1C8-4681-B422-0493FA23541E}.Debug|TwinCAT OS (ARMT2).ActiveCfg = Debug|TwinCAT OS (ARMT2)
		{BEEDADD0-F1C8-4681-B422-0493FA23541E}.Debug|TwinCAT OS (ARMT2).Build.0 = Debug|TwinCAT OS (ARMT2)
		{BEEDADD0-F1C8-4681-B422-0493FA23541E}.Debug|TwinCAT RT (x64).ActiveCfg = Debug|TwinCAT RT (x64)
		{BEEDADD0-F1C8-4681-B422-0493FA23541E}.Debug|TwinCAT RT (x64).Build.0 = Debug|TwinCAT RT (x64)
		{BEEDADD0-F1C8-4681-B422-0493FA23541E}.Debug|TwinCAT RT (x86).ActiveCfg = Debug|TwinCAT RT (x86)
		{BEEDADD0-F1C8-4681-B422-0493FA23541E}.Debug|TwinCAT RT (x86).Build.0 = Debug|TwinCAT RT (x86)
		{BEEDADD0-F1C8-4681-B422-0493FA23541E}.Release|TwinCAT CE7 (ARMV7).ActiveCfg = Release|TwinCAT CE7 (ARMV7)
		{BEEDADD0-F1C8-4681-B422-0493FA23541E}.Release|TwinCAT CE7 (ARMV7).Build.0 = Release|TwinCAT CE7 (ARMV7)
		{BEEDADD0-F1C8-4681-B422-0493FA23541E}.Release|TwinCAT OS (ARMT2).ActiveCfg = Release|TwinCAT OS (ARMT2)
		{BEEDADD0-F1C8-4681-B422-0493FA23541E}.Release|TwinCAT OS (ARMT2).Build.0 = Release|TwinCAT OS (ARMT2)
		{BEEDADD0-F1C8-4681-B422-0493FA23541E}.Release|TwinCAT RT (x64).ActiveCfg = Release|TwinCAT RT (x64)
		{BEEDADD0-F1C8-4681-B422-0493FA23541E}.Release|TwinCAT RT (x64).Build.0 = Release|TwinCAT RT (x64)
		{BEEDADD0-F1C8-4681-B422-0493FA23541E}.Release|TwinCAT RT (x86).ActiveCfg = Release|TwinCAT RT (x86)
		{BEEDADD0-F1C8-4681-B422-0493FA23541E}.Release|TwinCAT RT (x86).Build.0 = Release|TwinCAT RT (x86)
		{5C208C78-EA9B-49DF-815A-84CCC5A87312}.Debug|TwinCAT CE7 (ARMV7).ActiveCfg = Debug|TwinCAT CE7 (ARMV7)
		{5C208C78-EA9B-49DF-815A-84CCC5A87312}.Debug|TwinCAT CE7 (ARMV7).Build.0 = Debug|TwinCAT CE7 (ARMV7)
		{5C208C78-EA9B-49DF-815A-84CCC5A87312}.Debug|TwinCAT OS (ARMT2).ActiveCfg = Debug|TwinCAT OS (ARMT2)
		{5C208C78-EA9B-49DF-815A-84CCC5A87312}.Debug|TwinCAT OS (ARMT2).Build.0 = Debug|TwinCAT OS (ARMT2)
		{5C208C78-EA9B-49DF-815A-84CCC5A87312}.Debug|TwinCAT RT (x64).ActiveCfg = Debug|TwinCAT RT (x64)
		{5C208C78-EA9B-49DF-815A-84CCC5A87312}.Debug|TwinCAT RT (x64).Build.0 = Debug|TwinCAT RT (x64)
		{5C208C78-EA9B-49DF-815A-84CCC5A87312}.Debug|TwinCAT RT (x86).ActiveCfg = Debug|TwinCAT RT (x86)
		{5C208C78-EA9B-49DF-815A-84CCC5A87312}.Debug|TwinCAT RT (x86).Build.0 = Debug|TwinCAT RT (x86)
		{5C208C78-EA9B-49DF-815A-84CCC5A87312}.Release|TwinCAT CE7 (ARMV7).ActiveCfg = Release|TwinCAT CE7 (ARMV7)
		{5C208C78-EA9B-49DF-815A-84CCC5A87312}.Release|TwinCAT CE7 (ARMV7).Build.0 = Release|TwinCAT CE7 (ARMV7)
		{5C208C78-EA9B-49DF-815A-84CCC5A87312}.Release|TwinCAT OS (ARMT2).ActiveCfg = Release|TwinCAT OS (ARMT2)
		{5C208C78-EA9B-49DF-815A-84CCC5A87312}.Release|TwinCAT OS (ARMT2).Build.0 = Release|TwinCAT OS (ARMT2)
		{5C208C78-EA9B-49DF-815A-84CCC5A87312}.Release|TwinCAT RT (x64).ActiveCfg = Release|TwinCAT RT (x64)
		{5C208C78-EA9B-49DF-815A-84CCC5A87312}.Release|TwinCAT RT (x64).Build.0 = Release|TwinCAT RT (x64)
		{5C208C78-EA9B-49DF-815A-84CCC5A87312}.Release|TwinCAT RT (x86).ActiveCfg = Release|TwinCAT RT (x86)
		{5C208C78-EA9B-49DF-815A-84CCC5A87312}.Release|TwinCAT RT (x86).Build.0 = Release|TwinCAT RT (x86)
		{3B51A884-A6FA-4ADC-907B-B3C38FF940F6}.Debug|TwinCAT CE7 (ARMV7).ActiveCfg = Debug|TwinCAT CE7 (ARMV7)
		{3B51A884-A6FA-4ADC-907B-B3C38FF940F6}.Debug|TwinCAT CE7 (ARMV7).Build.0 = Debug|TwinCAT CE7 (ARMV7)
		{3B51A884-A6FA-4ADC-907B-B3C38FF940F6}.Debug|TwinCAT OS (ARMT2).ActiveCfg = Debug|TwinCAT OS (ARMT2)
		{3B51A884-A6FA-4ADC-907B-B3C38FF940F6}.Debug|TwinCAT OS (ARMT2).Build.0 = Debug|TwinCAT OS (ARMT2)
		{3B51A884-A6FA-4ADC-907B-B3C38FF940F6}.Debug|TwinCAT RT (x64).ActiveCfg = Debug|TwinCAT RT (x64)
		{3B51A884-A6FA-4ADC-907B-B3C38FF940F6}.Debug|TwinCAT RT (x64).Build.0 = Debug|TwinCAT RT (x64)
		{3B51A884-A6FA-4ADC-907B-B3C38FF940F6}.Debug|TwinCAT RT (x86).ActiveCfg = Debug|TwinCAT RT (x86)
		{3B51A884-A6FA-4ADC-907B-B3C38FF940F6}.Debug|TwinCAT RT (x86).Build.0 = Debug|TwinCAT RT (x86)
		{3B51A884-A6FA-4ADC-907B-B3C38FF940F6}.Release|TwinCAT CE7 (ARMV7).ActiveCfg = Release|TwinCAT CE7 (ARMV7)
		{3B51A884-A6FA-4ADC-907B-B3C38FF940F6}.Release|TwinCAT CE7 (ARMV7).Build.0 = Release|TwinCAT CE7 (ARMV7)
		{3B51A884-A6FA-4ADC-907B-B3C38FF940F6}.Release|TwinCAT OS (ARMT2).ActiveCfg = Release|TwinCAT OS (ARMT2)
		{3B51A884-A6FA-4ADC-907B-B3C38FF940F6}.Release|TwinCAT OS (ARMT2).Build.0 = Release|TwinCAT OS (ARMT2)
		{3B51A884-A6FA-4ADC-907B-B3C38FF940F6}.Release|TwinCAT RT (x64).ActiveCfg = Release|TwinCAT RT (x64)
		{3B51A884-A6FA-4ADC-907B-B3C38FF940F6}.Release|TwinCAT RT (x64).Build.0 = Release|TwinCAT RT (x64)
		{3B51A884-A6FA-4ADC-907B-B3C38FF940F6}.Release|TwinCAT RT (x86).ActiveCfg = Release|TwinCAT RT (x86)
		{3B51A884-A6FA-4ADC-907B-B3C38FF940F6}.Release|TwinCAT RT (x86).Build.0 = Release|TwinCAT RT (x86)
	EndGlobalSection
	GlobalSection(SolutionProperties) = preSolution
		HideSolutionNode = FALSE
	EndGlobalSection
	GlobalSection(NestedProjects) = preSolution
		{6C8F4EB4-8438-45C6-9DD7-0A17A3EFEB19} = {BD3329C4-D254-4243-952E-2A72BAED8B18}
		{1CEB9DA1-FB2C-4ECD-B127-AAB55761D846} = {BD3329C4-D254-4243-952E-2A72BAED8B18}
		{65C350B9-E611-43A8-BAE0-1695A0E88E10} = {BD3329C4-D254-4243-952E-2A72BAED8B18}
		{5F8AD98F-766E-497D-BF5B-B194911A29E3} = {BD3329C4-D254-4243-952E-2A72BAED8B18}
		{3CF3DE00-89B1-4F9B-BBF5-0808F5AEDD44} = {BD3329C4-D254-4243-952E-2A72BAED8B18}
		{8843049A-6EE6-426F-ADD6-1FCD38525A24} = {BD3329C4-D254-4243-952E-2A72BAED8B18}
	EndGlobalSection
	GlobalSection(ExtensibilityGlobals) = postSolution
		SolutionGuid = {45AD0A1F-9809-4CFB-8A80-9324D8C3E0F5}
	EndGlobalSection
EndGlobal
