
Microsoft Visual Studio Solution File, Format Version 12.00
# TcXaeShell Solution File, Format Version 11.00
VisualStudioVersion = 15.0.33403.129
MinimumVisualStudioVersion = 10.0.40219.1
Project("{2150E333-8FDC-42A3-9474-1A3956D46DE8}") = "Creational", "Creational", "{BD3329C4-D254-4243-952E-2A72BAED8B18}"
EndProject
Project("{B1E792BE-AA5F-4E3C-8C82-674BF9C0715B}") = "Factory Method", "Factory Method\Factory Method.tsproj", "{6C8F4EB4-8438-45C6-9DD7-0A17A3EFEB19}"
EndProject
Project("{2150E333-8FDC-42A3-9474-1A3956D46DE8}") = "Structural", "Structural", "{C81935DA-ADCC-47A4-A9B0-7AB3BA48C4AE}"
EndProject
Project("{2150E333-8FDC-42A3-9474-1A3956D46DE8}") = "Behavioral", "Behavioral", "{20AE68FA-FCE1-40F2-82CF-111EDEC07138}"
EndProject
Project("{B1E792BE-AA5F-4E3C-8C82-674BF9C0715B}") = "Factory Abstract", "Factory Abstract\Factory Abstract.tsproj", "{1CEB9DA1-FB2C-4ECD-B127-AAB55761D846}"
EndProject
Project("{B1E792BE-AA5F-4E3C-8C82-674BF9C0715B}") = "Builder1", "Builder1\Builder1.tsproj", "{65C350B9-E611-43A8-BAE0-1695A0E88E10}"
EndProject
Project("{B1E792BE-AA5F-4E3C-8C82-674BF9C0715B}") = "Builder2", "Builder2\Builder2.tsproj", "{5F8AD98F-766E-497D-BF5B-B194911A29E3}"
EndProject
Project("{B1E792BE-AA5F-4E3C-8C82-674BF9C0715B}") = "Singleton", "Singleton\Singleton.tsproj", "{3CF3DE00-89B1-4F9B-BBF5-0808F5AEDD44}"
EndProject
Project("{B1E792BE-AA5F-4E3C-8C82-674BF9C0715B}") = "Chain Of Responsability", "Chain Of Responsability\Chain Of Responsability.tsproj", "{2B418C96-E5F1-4D3B-83D2-C2D6610A4371}"
EndProject
Project("{B1E792BE-AA5F-4E3C-8C82-674BF9C0715B}") = "Command1", "Command1\Command1.tsproj", "{F96B08BF-A419-4068-949D-E299E51D6E70}"
EndProject
Project("{B1E792BE-AA5F-4E3C-8C82-674BF9C0715B}") = "Command2", "Command2\Command2.tsproj", "{D60EA097-C366-434C-8216-137A53E9DBD1}"
EndProject
Project("{B1E792BE-AA5F-4E3C-8C82-674BF9C0715B}") = "Command3", "Command3\Command3.tsproj", "{6CECE1ED-E2B4-4C7D-88CA-EBE3C9D347D8}"
EndProject
Project("{B1E792BE-AA5F-4E3C-8C82-674BF9C0715B}") = "Iterator", "Iterator\Iterator.tsproj", "{3C922D1D-483A-4377-84FF-DF75F1ACF375}"
EndProject
Project("{B1E792BE-AA5F-4E3C-8C82-674BF9C0715B}") = "Mediator", "Mediator\Mediator.tsproj", "{9726DB98-B3CF-48BF-B5DB-4C3511F9FA54}"
EndProject
Project("{B1E792BE-AA5F-4E3C-8C82-674BF9C0715B}") = "Adapter", "Adapter\Adapter.tsproj", "{996A2EDD-74B5-4EFE-BA75-8AB5FD21ECCC}"
EndProject
Project("{B1E792BE-AA5F-4E3C-8C82-674BF9C0715B}") = "Memento", "Memento\Memento.tsproj", "{CC0E07BB-3968-4C23-957F-74F03DDAEAD7}"
EndProject
Project("{B1E792BE-AA5F-4E3C-8C82-674BF9C0715B}") = "Bridge", "Bridge\Bridge.tsproj", "{E9F8A995-FBFE-445E-A0FA-675AE4DE0361}"
EndProject
Project("{B1E792BE-AA5F-4E3C-8C82-674BF9C0715B}") = "Composite", "Composite\Composite.tsproj", "{20A7B155-19BB-44BF-A54B-8098E7A49749}"
EndProject
Project("{B1E792BE-AA5F-4E3C-8C82-674BF9C0715B}") = "Decorator", "Decorator\Decorator.tsproj", "{DA254766-0833-4B28-AEAA-9D801E19EE2B}"
EndProject
Project("{B1E792BE-AA5F-4E3C-8C82-674BF9C0715B}") = "Facade", "Facade\Facade.tsproj", "{3616D6B4-1051-4496-8C1E-40F34B895223}"
EndProject
Project("{B1E792BE-AA5F-4E3C-8C82-674BF9C0715B}") = "Flyweight", "Flyweight\Flyweight.tsproj", "{BEC409EA-BD62-4E32-87B1-CABC1DA75C06}"
EndProject
Project("{B1E792BE-AA5F-4E3C-8C82-674BF9C0715B}") = "Proxy", "Proxy\Proxy.tsproj", "{2FFA72D0-03BE-4C9B-A2F7-5C0A1120D275}"
EndProject
Project("{B1E792BE-AA5F-4E3C-8C82-674BF9C0715B}") = "Observer", "Observer\Observer.tsproj", "{B13645C2-22E0-4151-BBE5-50A1A48FEEEF}"
EndProject
Project("{B1E792BE-AA5F-4E3C-8C82-674BF9C0715B}") = "State", "State\State.tsproj", "{6760C8C7-EE14-4D0A-A4B3-6282EBEEED04}"
EndProject
Project("{B1E792BE-AA5F-4E3C-8C82-674BF9C0715B}") = "Strategy", "Strategy\Strategy.tsproj", "{A0B9AAF4-31EC-4B1B-940B-926857B9884B}"
EndProject
Project("{B1E792BE-AA5F-4E3C-8C82-674BF9C0715B}") = "Template_Method", "Template\Template_Method.tsproj", "{D257BAA0-C9AB-4BCE-9684-C791D06436AC}"
EndProject
Project("{B1E792BE-AA5F-4E3C-8C82-674BF9C0715B}") = "Visitor", "Visitor\Visitor.tsproj", "{134BDB4B-8C67-4907-9732-7045B5B2B131}"
EndProject
Project("{B1E792BE-AA5F-4E3C-8C82-674BF9C0715B}") = "Prototype", "Prototype\Prototype.tsproj", "{1883F847-16C0-4C54-A24D-B7787083864E}"
EndProject
Global
	GlobalSection(SolutionConfigurationPlatforms) = preSolution
		Debug|TwinCAT CE7 (ARMV7) = Debug|TwinCAT CE7 (ARMV7)
		Debug|TwinCAT OS (ARMT2) = Debug|TwinCAT OS (ARMT2)
		Debug|TwinCAT RT (x64) = Debug|TwinCAT RT (x64)
		Debug|TwinCAT RT (x86) = Debug|TwinCAT RT (x86)
		Release|TwinCAT CE7 (ARMV7) = Release|TwinCAT CE7 (ARMV7)
		Release|TwinCAT OS (ARMT2) = Release|TwinCAT OS (ARMT2)
		Release|TwinCAT RT (x64) = Release|TwinCAT RT (x64)
		Release|TwinCAT RT (x86) = Release|TwinCAT RT (x86)
	EndGlobalSection
	GlobalSection(ProjectConfigurationPlatforms) = postSolution
		{6C8F4EB4-8438-45C6-9DD7-0A17A3EFEB19}.Debug|TwinCAT CE7 (ARMV7).ActiveCfg = Debug|TwinCAT CE7 (ARMV7)
		{6C8F4EB4-8438-45C6-9DD7-0A17A3EFEB19}.Debug|TwinCAT CE7 (ARMV7).Build.0 = Debug|TwinCAT CE7 (ARMV7)
		{6C8F4EB4-8438-45C6-9DD7-0A17A3EFEB19}.Debug|TwinCAT OS (ARMT2).ActiveCfg = Debug|TwinCAT OS (ARMT2)
		{6C8F4EB4-8438-45C6-9DD7-0A17A3EFEB19}.Debug|TwinCAT OS (ARMT2).Build.0 = Debug|TwinCAT OS (ARMT2)
		{6C8F4EB4-8438-45C6-9DD7-0A17A3EFEB19}.Debug|TwinCAT RT (x64).ActiveCfg = Debug|TwinCAT RT (x64)
		{6C8F4EB4-8438-45C6-9DD7-0A17A3EFEB19}.Debug|TwinCAT RT (x64).Build.0 = Debug|TwinCAT RT (x64)
		{6C8F4EB4-8438-45C6-9DD7-0A17A3EFEB19}.Debug|TwinCAT RT (x86).ActiveCfg = Debug|TwinCAT RT (x86)
		{6C8F4EB4-8438-45C6-9DD7-0A17A3EFEB19}.Debug|TwinCAT RT (x86).Build.0 = Debug|TwinCAT RT (x86)
		{6C8F4EB4-8438-45C6-9DD7-0A17A3EFEB19}.Release|TwinCAT CE7 (ARMV7).ActiveCfg = Release|TwinCAT CE7 (ARMV7)
		{6C8F4EB4-8438-45C6-9DD7-0A17A3EFEB19}.Release|TwinCAT CE7 (ARMV7).Build.0 = Release|TwinCAT CE7 (ARMV7)
		{6C8F4EB4-8438-45C6-9DD7-0A17A3EFEB19}.Release|TwinCAT OS (ARMT2).ActiveCfg = Release|TwinCAT OS (ARMT2)
		{6C8F4EB4-8438-45C6-9DD7-0A17A3EFEB19}.Release|TwinCAT OS (ARMT2).Build.0 = Release|TwinCAT OS (ARMT2)
		{6C8F4EB4-8438-45C6-9DD7-0A17A3EFEB19}.Release|TwinCAT RT (x64).ActiveCfg = Release|TwinCAT RT (x64)
		{6C8F4EB4-8438-45C6-9DD7-0A17A3EFEB19}.Release|TwinCAT RT (x64).Build.0 = Release|TwinCAT RT (x64)
		{6C8F4EB4-8438-45C6-9DD7-0A17A3EFEB19}.Release|TwinCAT RT (x86).ActiveCfg = Release|TwinCAT RT (x86)
		{6C8F4EB4-8438-45C6-9DD7-0A17A3EFEB19}.Release|TwinCAT RT (x86).Build.0 = Release|TwinCAT RT (x86)
		{1CEB9DA1-FB2C-4ECD-B127-AAB55761D846}.Debug|TwinCAT CE7 (ARMV7).ActiveCfg = Debug|TwinCAT CE7 (ARMV7)
		{1CEB9DA1-FB2C-4ECD-B127-AAB55761D846}.Debug|TwinCAT CE7 (ARMV7).Build.0 = Debug|TwinCAT CE7 (ARMV7)
		{1CEB9DA1-FB2C-4ECD-B127-AAB55761D846}.Debug|TwinCAT OS (ARMT2).ActiveCfg = Debug|TwinCAT OS (ARMT2)
		{1CEB9DA1-FB2C-4ECD-B127-AAB55761D846}.Debug|TwinCAT OS (ARMT2).Build.0 = Debug|TwinCAT OS (ARMT2)
		{1CEB9DA1-FB2C-4ECD-B127-AAB55761D846}.Debug|TwinCAT RT (x64).ActiveCfg = Debug|TwinCAT RT (x64)
		{1CEB9DA1-FB2C-4ECD-B127-AAB55761D846}.Debug|TwinCAT RT (x64).Build.0 = Debug|TwinCAT RT (x64)
		{1CEB9DA1-FB2C-4ECD-B127-AAB55761D846}.Debug|TwinCAT RT (x86).ActiveCfg = Debug|TwinCAT RT (x86)
		{1CEB9DA1-FB2C-4ECD-B127-AAB55761D846}.Debug|TwinCAT RT (x86).Build.0 = Debug|TwinCAT RT (x86)
		{1CEB9DA1-FB2C-4ECD-B127-AAB55761D846}.Release|TwinCAT CE7 (ARMV7).ActiveCfg = Release|TwinCAT CE7 (ARMV7)
		{1CEB9DA1-FB2C-4ECD-B127-AAB55761D846}.Release|TwinCAT CE7 (ARMV7).Build.0 = Release|TwinCAT CE7 (ARMV7)
		{1CEB9DA1-FB2C-4ECD-B127-AAB55761D846}.Release|TwinCAT OS (ARMT2).ActiveCfg = Release|TwinCAT OS (ARMT2)
		{1CEB9DA1-FB2C-4ECD-B127-AAB55761D846}.Release|TwinCAT OS (ARMT2).Build.0 = Release|TwinCAT OS (ARMT2)
		{1CEB9DA1-FB2C-4ECD-B127-AAB55761D846}.Release|TwinCAT RT (x64).ActiveCfg = Release|TwinCAT RT (x64)
		{1CEB9DA1-FB2C-4ECD-B127-AAB55761D846}.Release|TwinCAT RT (x64).Build.0 = Release|TwinCAT RT (x64)
		{1CEB9DA1-FB2C-4ECD-B127-AAB55761D846}.Release|TwinCAT RT (x86).ActiveCfg = Release|TwinCAT RT (x86)
		{1CEB9DA1-FB2C-4ECD-B127-AAB55761D846}.Release|TwinCAT RT (x86).Build.0 = Release|TwinCAT RT (x86)
		{65C350B9-E611-43A8-BAE0-1695A0E88E10}.Debug|TwinCAT CE7 (ARMV7).ActiveCfg = Debug|TwinCAT CE7 (ARMV7)
		{65C350B9-E611-43A8-BAE0-1695A0E88E10}.Debug|TwinCAT CE7 (ARMV7).Build.0 = Debug|TwinCAT CE7 (ARMV7)
		{65C350B9-E611-43A8-BAE0-1695A0E88E10}.Debug|TwinCAT OS (ARMT2).ActiveCfg = Debug|TwinCAT OS (ARMT2)
		{65C350B9-E611-43A8-BAE0-1695A0E88E10}.Debug|TwinCAT OS (ARMT2).Build.0 = Debug|TwinCAT OS (ARMT2)
		{65C350B9-E611-43A8-BAE0-1695A0E88E10}.Debug|TwinCAT RT (x64).ActiveCfg = Debug|TwinCAT RT (x64)
		{65C350B9-E611-43A8-BAE0-1695A0E88E10}.Debug|TwinCAT RT (x64).Build.0 = Debug|TwinCAT RT (x64)
		{65C350B9-E611-43A8-BAE0-1695A0E88E10}.Debug|TwinCAT RT (x86).ActiveCfg = Debug|TwinCAT RT (x86)
		{65C350B9-E611-43A8-BAE0-1695A0E88E10}.Debug|TwinCAT RT (x86).Build.0 = Debug|TwinCAT RT (x86)
		{65C350B9-E611-43A8-BAE0-1695A0E88E10}.Release|TwinCAT CE7 (ARMV7).ActiveCfg = Release|TwinCAT CE7 (ARMV7)
		{65C350B9-E611-43A8-BAE0-1695A0E88E10}.Release|TwinCAT CE7 (ARMV7).Build.0 = Release|TwinCAT CE7 (ARMV7)
		{65C350B9-E611-43A8-BAE0-1695A0E88E10}.Release|TwinCAT OS (ARMT2).ActiveCfg = Release|TwinCAT OS (ARMT2)
		{65C350B9-E611-43A8-BAE0-1695A0E88E10}.Release|TwinCAT OS (ARMT2).Build.0 = Release|TwinCAT OS (ARMT2)
		{65C350B9-E611-43A8-BAE0-1695A0E88E10}.Release|TwinCAT RT (x64).ActiveCfg = Release|TwinCAT RT (x64)
		{65C350B9-E611-43A8-BAE0-1695A0E88E10}.Release|TwinCAT RT (x64).Build.0 = Release|TwinCAT RT (x64)
		{65C350B9-E611-43A8-BAE0-1695A0E88E10}.Release|TwinCAT RT (x86).ActiveCfg = Release|TwinCAT RT (x86)
		{65C350B9-E611-43A8-BAE0-1695A0E88E10}.Release|TwinCAT RT (x86).Build.0 = Release|TwinCAT RT (x86)
		{5F8AD98F-766E-497D-BF5B-B194911A29E3}.Debug|TwinCAT CE7 (ARMV7).ActiveCfg = Debug|TwinCAT CE7 (ARMV7)
		{5F8AD98F-766E-497D-BF5B-B194911A29E3}.Debug|TwinCAT CE7 (ARMV7).Build.0 = Debug|TwinCAT CE7 (ARMV7)
		{5F8AD98F-766E-497D-BF5B-B194911A29E3}.Debug|TwinCAT OS (ARMT2).ActiveCfg = Debug|TwinCAT OS (ARMT2)
		{5F8AD98F-766E-497D-BF5B-B194911A29E3}.Debug|TwinCAT OS (ARMT2).Build.0 = Debug|TwinCAT OS (ARMT2)
		{5F8AD98F-766E-497D-BF5B-B194911A29E3}.Debug|TwinCAT RT (x64).ActiveCfg = Debug|TwinCAT RT (x64)
		{5F8AD98F-766E-497D-BF5B-B194911A29E3}.Debug|TwinCAT RT (x64).Build.0 = Debug|TwinCAT RT (x64)
		{5F8AD98F-766E-497D-BF5B-B194911A29E3}.Debug|TwinCAT RT (x86).ActiveCfg = Debug|TwinCAT RT (x86)
		{5F8AD98F-766E-497D-BF5B-B194911A29E3}.Debug|TwinCAT RT (x86).Build.0 = Debug|TwinCAT RT (x86)
		{5F8AD98F-766E-497D-BF5B-B194911A29E3}.Release|TwinCAT CE7 (ARMV7).ActiveCfg = Release|TwinCAT CE7 (ARMV7)
		{5F8AD98F-766E-497D-BF5B-B194911A29E3}.Release|TwinCAT CE7 (ARMV7).Build.0 = Release|TwinCAT CE7 (ARMV7)
		{5F8AD98F-766E-497D-BF5B-B194911A29E3}.Release|TwinCAT OS (ARMT2).ActiveCfg = Release|TwinCAT OS (ARMT2)
		{5F8AD98F-766E-497D-BF5B-B194911A29E3}.Release|TwinCAT OS (ARMT2).Build.0 = Release|TwinCAT OS (ARMT2)
		{5F8AD98F-766E-497D-BF5B-B194911A29E3}.Release|TwinCAT RT (x64).ActiveCfg = Release|TwinCAT RT (x64)
		{5F8AD98F-766E-497D-BF5B-B194911A29E3}.Release|TwinCAT RT (x64).Build.0 = Release|TwinCAT RT (x64)
		{5F8AD98F-766E-497D-BF5B-B194911A29E3}.Release|TwinCAT RT (x86).ActiveCfg = Release|TwinCAT RT (x86)
		{5F8AD98F-766E-497D-BF5B-B194911A29E3}.Release|TwinCAT RT (x86).Build.0 = Release|TwinCAT RT (x86)
		{3CF3DE00-89B1-4F9B-BBF5-0808F5AEDD44}.Debug|TwinCAT CE7 (ARMV7).ActiveCfg = Debug|TwinCAT CE7 (ARMV7)
		{3CF3DE00-89B1-4F9B-BBF5-0808F5AEDD44}.Debug|TwinCAT CE7 (ARMV7).Build.0 = Debug|TwinCAT CE7 (ARMV7)
		{3CF3DE00-89B1-4F9B-BBF5-0808F5AEDD44}.Debug|TwinCAT OS (ARMT2).ActiveCfg = Debug|TwinCAT OS (ARMT2)
		{3CF3DE00-89B1-4F9B-BBF5-0808F5AEDD44}.Debug|TwinCAT OS (ARMT2).Build.0 = Debug|TwinCAT OS (ARMT2)
		{3CF3DE00-89B1-4F9B-BBF5-0808F5AEDD44}.Debug|TwinCAT RT (x64).ActiveCfg = Debug|TwinCAT RT (x64)
		{3CF3DE00-89B1-4F9B-BBF5-0808F5AEDD44}.Debug|TwinCAT RT (x64).Build.0 = Debug|TwinCAT RT (x64)
		{3CF3DE00-89B1-4F9B-BBF5-0808F5AEDD44}.Debug|TwinCAT RT (x86).ActiveCfg = Debug|TwinCAT RT (x86)
		{3CF3DE00-89B1-4F9B-BBF5-0808F5AEDD44}.Debug|TwinCAT RT (x86).Build.0 = Debug|TwinCAT RT (x86)
		{3CF3DE00-89B1-4F9B-BBF5-0808F5AEDD44}.Release|TwinCAT CE7 (ARMV7).ActiveCfg = Release|TwinCAT CE7 (ARMV7)
		{3CF3DE00-89B1-4F9B-BBF5-0808F5AEDD44}.Release|TwinCAT CE7 (ARMV7).Build.0 = Release|TwinCAT CE7 (ARMV7)
		{3CF3DE00-89B1-4F9B-BBF5-0808F5AEDD44}.Release|TwinCAT OS (ARMT2).ActiveCfg = Release|TwinCAT OS (ARMT2)
		{3CF3DE00-89B1-4F9B-BBF5-0808F5AEDD44}.Release|TwinCAT OS (ARMT2).Build.0 = Release|TwinCAT OS (ARMT2)
		{3CF3DE00-89B1-4F9B-BBF5-0808F5AEDD44}.Release|TwinCAT RT (x64).ActiveCfg = Release|TwinCAT RT (x64)
		{3CF3DE00-89B1-4F9B-BBF5-0808F5AEDD44}.Release|TwinCAT RT (x64).Build.0 = Release|TwinCAT RT (x64)
		{3CF3DE00-89B1-4F9B-BBF5-0808F5AEDD44}.Release|TwinCAT RT (x86).ActiveCfg = Release|TwinCAT RT (x86)
		{3CF3DE00-89B1-4F9B-BBF5-0808F5AEDD44}.Release|TwinCAT RT (x86).Build.0 = Release|TwinCAT RT (x86)
		{2B418C96-E5F1-4D3B-83D2-C2D6610A4371}.Debug|TwinCAT CE7 (ARMV7).ActiveCfg = Debug|TwinCAT CE7 (ARMV7)
		{2B418C96-E5F1-4D3B-83D2-C2D6610A4371}.Debug|TwinCAT CE7 (ARMV7).Build.0 = Debug|TwinCAT CE7 (ARMV7)
		{2B418C96-E5F1-4D3B-83D2-C2D6610A4371}.Debug|TwinCAT OS (ARMT2).ActiveCfg = Debug|TwinCAT OS (ARMT2)
		{2B418C96-E5F1-4D3B-83D2-C2D6610A4371}.Debug|TwinCAT OS (ARMT2).Build.0 = Debug|TwinCAT OS (ARMT2)
		{2B418C96-E5F1-4D3B-83D2-C2D6610A4371}.Debug|TwinCAT RT (x64).ActiveCfg = Debug|TwinCAT RT (x64)
		{2B418C96-E5F1-4D3B-83D2-C2D6610A4371}.Debug|TwinCAT RT (x64).Build.0 = Debug|TwinCAT RT (x64)
		{2B418C96-E5F1-4D3B-83D2-C2D6610A4371}.Debug|TwinCAT RT (x86).ActiveCfg = Debug|TwinCAT RT (x86)
		{2B418C96-E5F1-4D3B-83D2-C2D6610A4371}.Debug|TwinCAT RT (x86).Build.0 = Debug|TwinCAT RT (x86)
		{2B418C96-E5F1-4D3B-83D2-C2D6610A4371}.Release|TwinCAT CE7 (ARMV7).ActiveCfg = Release|TwinCAT CE7 (ARMV7)
		{2B418C96-E5F1-4D3B-83D2-C2D6610A4371}.Release|TwinCAT CE7 (ARMV7).Build.0 = Release|TwinCAT CE7 (ARMV7)
		{2B418C96-E5F1-4D3B-83D2-C2D6610A4371}.Release|TwinCAT OS (ARMT2).ActiveCfg = Release|TwinCAT OS (ARMT2)
		{2B418C96-E5F1-4D3B-83D2-C2D6610A4371}.Release|TwinCAT OS (ARMT2).Build.0 = Release|TwinCAT OS (ARMT2)
		{2B418C96-E5F1-4D3B-83D2-C2D6610A4371}.Release|TwinCAT RT (x64).ActiveCfg = Release|TwinCAT RT (x64)
		{2B418C96-E5F1-4D3B-83D2-C2D6610A4371}.Release|TwinCAT RT (x64).Build.0 = Release|TwinCAT RT (x64)
		{2B418C96-E5F1-4D3B-83D2-C2D6610A4371}.Release|TwinCAT RT (x86).ActiveCfg = Release|TwinCAT RT (x86)
		{2B418C96-E5F1-4D3B-83D2-C2D6610A4371}.Release|TwinCAT RT (x86).Build.0 = Release|TwinCAT RT (x86)
		{F96B08BF-A419-4068-949D-E299E51D6E70}.Debug|TwinCAT CE7 (ARMV7).ActiveCfg = Debug|TwinCAT CE7 (ARMV7)
		{F96B08BF-A419-4068-949D-E299E51D6E70}.Debug|TwinCAT CE7 (ARMV7).Build.0 = Debug|TwinCAT CE7 (ARMV7)
		{F96B08BF-A419-4068-949D-E299E51D6E70}.Debug|TwinCAT OS (ARMT2).ActiveCfg = Debug|TwinCAT OS (ARMT2)
		{F96B08BF-A419-4068-949D-E299E51D6E70}.Debug|TwinCAT OS (ARMT2).Build.0 = Debug|TwinCAT OS (ARMT2)
		{F96B08BF-A419-4068-949D-E299E51D6E70}.Debug|TwinCAT RT (x64).ActiveCfg = Debug|TwinCAT RT (x64)
		{F96B08BF-A419-4068-949D-E299E51D6E70}.Debug|TwinCAT RT (x64).Build.0 = Debug|TwinCAT RT (x64)
		{F96B08BF-A419-4068-949D-E299E51D6E70}.Debug|TwinCAT RT (x86).ActiveCfg = Debug|TwinCAT RT (x86)
		{F96B08BF-A419-4068-949D-E299E51D6E70}.Debug|TwinCAT RT (x86).Build.0 = Debug|TwinCAT RT (x86)
		{F96B08BF-A419-4068-949D-E299E51D6E70}.Release|TwinCAT CE7 (ARMV7).ActiveCfg = Release|TwinCAT CE7 (ARMV7)
		{F96B08BF-A419-4068-949D-E299E51D6E70}.Release|TwinCAT CE7 (ARMV7).Build.0 = Release|TwinCAT CE7 (ARMV7)
		{F96B08BF-A419-4068-949D-E299E51D6E70}.Release|TwinCAT OS (ARMT2).ActiveCfg = Release|TwinCAT OS (ARMT2)
		{F96B08BF-A419-4068-949D-E299E51D6E70}.Release|TwinCAT OS (ARMT2).Build.0 = Release|TwinCAT OS (ARMT2)
		{F96B08BF-A419-4068-949D-E299E51D6E70}.Release|TwinCAT RT (x64).ActiveCfg = Release|TwinCAT RT (x64)
		{F96B08BF-A419-4068-949D-E299E51D6E70}.Release|TwinCAT RT (x64).Build.0 = Release|TwinCAT RT (x64)
		{F96B08BF-A419-4068-949D-E299E51D6E70}.Release|TwinCAT RT (x86).ActiveCfg = Release|TwinCAT RT (x86)
		{F96B08BF-A419-4068-949D-E299E51D6E70}.Release|TwinCAT RT (x86).Build.0 = Release|TwinCAT RT (x86)
		{D60EA097-C366-434C-8216-137A53E9DBD1}.Debug|TwinCAT CE7 (ARMV7).ActiveCfg = Debug|TwinCAT CE7 (ARMV7)
		{D60EA097-C366-434C-8216-137A53E9DBD1}.Debug|TwinCAT CE7 (ARMV7).Build.0 = Debug|TwinCAT CE7 (ARMV7)
		{D60EA097-C366-434C-8216-137A53E9DBD1}.Debug|TwinCAT OS (ARMT2).ActiveCfg = Debug|TwinCAT OS (ARMT2)
		{D60EA097-C366-434C-8216-137A53E9DBD1}.Debug|TwinCAT OS (ARMT2).Build.0 = Debug|TwinCAT OS (ARMT2)
		{D60EA097-C366-434C-8216-137A53E9DBD1}.Debug|TwinCAT RT (x64).ActiveCfg = Debug|TwinCAT RT (x64)
		{D60EA097-C366-434C-8216-137A53E9DBD1}.Debug|TwinCAT RT (x64).Build.0 = Debug|TwinCAT RT (x64)
		{D60EA097-C366-434C-8216-137A53E9DBD1}.Debug|TwinCAT RT (x86).ActiveCfg = Debug|TwinCAT RT (x86)
		{D60EA097-C366-434C-8216-137A53E9DBD1}.Debug|TwinCAT RT (x86).Build.0 = Debug|TwinCAT RT (x86)
		{D60EA097-C366-434C-8216-137A53E9DBD1}.Release|TwinCAT CE7 (ARMV7).ActiveCfg = Release|TwinCAT CE7 (ARMV7)
		{D60EA097-C366-434C-8216-137A53E9DBD1}.Release|TwinCAT CE7 (ARMV7).Build.0 = Release|TwinCAT CE7 (ARMV7)
		{D60EA097-C366-434C-8216-137A53E9DBD1}.Release|TwinCAT OS (ARMT2).ActiveCfg = Release|TwinCAT OS (ARMT2)
		{D60EA097-C366-434C-8216-137A53E9DBD1}.Release|TwinCAT OS (ARMT2).Build.0 = Release|TwinCAT OS (ARMT2)
		{D60EA097-C366-434C-8216-137A53E9DBD1}.Release|TwinCAT RT (x64).ActiveCfg = Release|TwinCAT RT (x64)
		{D60EA097-C366-434C-8216-137A53E9DBD1}.Release|TwinCAT RT (x64).Build.0 = Release|TwinCAT RT (x64)
		{D60EA097-C366-434C-8216-137A53E9DBD1}.Release|TwinCAT RT (x86).ActiveCfg = Release|TwinCAT RT (x86)
		{D60EA097-C366-434C-8216-137A53E9DBD1}.Release|TwinCAT RT (x86).Build.0 = Release|TwinCAT RT (x86)
		{6CECE1ED-E2B4-4C7D-88CA-EBE3C9D347D8}.Debug|TwinCAT CE7 (ARMV7).ActiveCfg = Debug|TwinCAT CE7 (ARMV7)
		{6CECE1ED-E2B4-4C7D-88CA-EBE3C9D347D8}.Debug|TwinCAT CE7 (ARMV7).Build.0 = Debug|TwinCAT CE7 (ARMV7)
		{6CECE1ED-E2B4-4C7D-88CA-EBE3C9D347D8}.Debug|TwinCAT OS (ARMT2).ActiveCfg = Debug|TwinCAT OS (ARMT2)
		{6CECE1ED-E2B4-4C7D-88CA-EBE3C9D347D8}.Debug|TwinCAT OS (ARMT2).Build.0 = Debug|TwinCAT OS (ARMT2)
		{6CECE1ED-E2B4-4C7D-88CA-EBE3C9D347D8}.Debug|TwinCAT RT (x64).ActiveCfg = Debug|TwinCAT RT (x64)
		{6CECE1ED-E2B4-4C7D-88CA-EBE3C9D347D8}.Debug|TwinCAT RT (x64).Build.0 = Debug|TwinCAT RT (x64)
		{6CECE1ED-E2B4-4C7D-88CA-EBE3C9D347D8}.Debug|TwinCAT RT (x86).ActiveCfg = Debug|TwinCAT RT (x86)
		{6CECE1ED-E2B4-4C7D-88CA-EBE3C9D347D8}.Debug|TwinCAT RT (x86).Build.0 = Debug|TwinCAT RT (x86)
		{6CECE1ED-E2B4-4C7D-88CA-EBE3C9D347D8}.Release|TwinCAT CE7 (ARMV7).ActiveCfg = Release|TwinCAT CE7 (ARMV7)
		{6CECE1ED-E2B4-4C7D-88CA-EBE3C9D347D8}.Release|TwinCAT CE7 (ARMV7).Build.0 = Release|TwinCAT CE7 (ARMV7)
		{6CECE1ED-E2B4-4C7D-88CA-EBE3C9D347D8}.Release|TwinCAT OS (ARMT2).ActiveCfg = Release|TwinCAT OS (ARMT2)
		{6CECE1ED-E2B4-4C7D-88CA-EBE3C9D347D8}.Release|TwinCAT OS (ARMT2).Build.0 = Release|TwinCAT OS (ARMT2)
		{6CECE1ED-E2B4-4C7D-88CA-EBE3C9D347D8}.Release|TwinCAT RT (x64).ActiveCfg = Release|TwinCAT RT (x64)
		{6CECE1ED-E2B4-4C7D-88CA-EBE3C9D347D8}.Release|TwinCAT RT (x64).Build.0 = Release|TwinCAT RT (x64)
		{6CECE1ED-E2B4-4C7D-88CA-EBE3C9D347D8}.Release|TwinCAT RT (x86).ActiveCfg = Release|TwinCAT RT (x86)
		{6CECE1ED-E2B4-4C7D-88CA-EBE3C9D347D8}.Release|TwinCAT RT (x86).Build.0 = Release|TwinCAT RT (x86)
		{3C922D1D-483A-4377-84FF-DF75F1ACF375}.Debug|TwinCAT CE7 (ARMV7).ActiveCfg = Debug|TwinCAT CE7 (ARMV7)
		{3C922D1D-483A-4377-84FF-DF75F1ACF375}.Debug|TwinCAT CE7 (ARMV7).Build.0 = Debug|TwinCAT CE7 (ARMV7)
		{3C922D1D-483A-4377-84FF-DF75F1ACF375}.Debug|TwinCAT OS (ARMT2).ActiveCfg = Debug|TwinCAT OS (ARMT2)
		{3C922D1D-483A-4377-84FF-DF75F1ACF375}.Debug|TwinCAT OS (ARMT2).Build.0 = Debug|TwinCAT OS (ARMT2)
		{3C922D1D-483A-4377-84FF-DF75F1ACF375}.Debug|TwinCAT RT (x64).ActiveCfg = Debug|TwinCAT RT (x64)
		{3C922D1D-483A-4377-84FF-DF75F1ACF375}.Debug|TwinCAT RT (x64).Build.0 = Debug|TwinCAT RT (x64)
		{3C922D1D-483A-4377-84FF-DF75F1ACF375}.Debug|TwinCAT RT (x86).ActiveCfg = Debug|TwinCAT RT (x86)
		{3C922D1D-483A-4377-84FF-DF75F1ACF375}.Debug|TwinCAT RT (x86).Build.0 = Debug|TwinCAT RT (x86)
		{3C922D1D-483A-4377-84FF-DF75F1ACF375}.Release|TwinCAT CE7 (ARMV7).ActiveCfg = Release|TwinCAT CE7 (ARMV7)
		{3C922D1D-483A-4377-84FF-DF75F1ACF375}.Release|TwinCAT CE7 (ARMV7).Build.0 = Release|TwinCAT CE7 (ARMV7)
		{3C922D1D-483A-4377-84FF-DF75F1ACF375}.Release|TwinCAT OS (ARMT2).ActiveCfg = Release|TwinCAT OS (ARMT2)
		{3C922D1D-483A-4377-84FF-DF75F1ACF375}.Release|TwinCAT OS (ARMT2).Build.0 = Release|TwinCAT OS (ARMT2)
		{3C922D1D-483A-4377-84FF-DF75F1ACF375}.Release|TwinCAT RT (x64).ActiveCfg = Release|TwinCAT RT (x64)
		{3C922D1D-483A-4377-84FF-DF75F1ACF375}.Release|TwinCAT RT (x64).Build.0 = Release|TwinCAT RT (x64)
		{3C922D1D-483A-4377-84FF-DF75F1ACF375}.Release|TwinCAT RT (x86).ActiveCfg = Release|TwinCAT RT (x86)
		{3C922D1D-483A-4377-84FF-DF75F1ACF375}.Release|TwinCAT RT (x86).Build.0 = Release|TwinCAT RT (x86)
		{9726DB98-B3CF-48BF-B5DB-4C3511F9FA54}.Debug|TwinCAT CE7 (ARMV7).ActiveCfg = Debug|TwinCAT CE7 (ARMV7)
		{9726DB98-B3CF-48BF-B5DB-4C3511F9FA54}.Debug|TwinCAT CE7 (ARMV7).Build.0 = Debug|TwinCAT CE7 (ARMV7)
		{9726DB98-B3CF-48BF-B5DB-4C3511F9FA54}.Debug|TwinCAT OS (ARMT2).ActiveCfg = Debug|TwinCAT OS (ARMT2)
		{9726DB98-B3CF-48BF-B5DB-4C3511F9FA54}.Debug|TwinCAT OS (ARMT2).Build.0 = Debug|TwinCAT OS (ARMT2)
		{9726DB98-B3CF-48BF-B5DB-4C3511F9FA54}.Debug|TwinCAT RT (x64).ActiveCfg = Debug|TwinCAT RT (x64)
		{9726DB98-B3CF-48BF-B5DB-4C3511F9FA54}.Debug|TwinCAT RT (x64).Build.0 = Debug|TwinCAT RT (x64)
		{9726DB98-B3CF-48BF-B5DB-4C3511F9FA54}.Debug|TwinCAT RT (x86).ActiveCfg = Debug|TwinCAT RT (x86)
		{9726DB98-B3CF-48BF-B5DB-4C3511F9FA54}.Debug|TwinCAT RT (x86).Build.0 = Debug|TwinCAT RT (x86)
		{9726DB98-B3CF-48BF-B5DB-4C3511F9FA54}.Release|TwinCAT CE7 (ARMV7).ActiveCfg = Release|TwinCAT CE7 (ARMV7)
		{9726DB98-B3CF-48BF-B5DB-4C3511F9FA54}.Release|TwinCAT CE7 (ARMV7).Build.0 = Release|TwinCAT CE7 (ARMV7)
		{9726DB98-B3CF-48BF-B5DB-4C3511F9FA54}.Release|TwinCAT OS (ARMT2).ActiveCfg = Release|TwinCAT OS (ARMT2)
		{9726DB98-B3CF-48BF-B5DB-4C3511F9FA54}.Release|TwinCAT OS (ARMT2).Build.0 = Release|TwinCAT OS (ARMT2)
		{9726DB98-B3CF-48BF-B5DB-4C3511F9FA54}.Release|TwinCAT RT (x64).ActiveCfg = Release|TwinCAT RT (x64)
		{9726DB98-B3CF-48BF-B5DB-4C3511F9FA54}.Release|TwinCAT RT (x64).Build.0 = Release|TwinCAT RT (x64)
		{9726DB98-B3CF-48BF-B5DB-4C3511F9FA54}.Release|TwinCAT RT (x86).ActiveCfg = Release|TwinCAT RT (x86)
		{9726DB98-B3CF-48BF-B5DB-4C3511F9FA54}.Release|TwinCAT RT (x86).Build.0 = Release|TwinCAT RT (x86)
		{996A2EDD-74B5-4EFE-BA75-8AB5FD21ECCC}.Debug|TwinCAT CE7 (ARMV7).ActiveCfg = Debug|TwinCAT CE7 (ARMV7)
		{996A2EDD-74B5-4EFE-BA75-8AB5FD21ECCC}.Debug|TwinCAT CE7 (ARMV7).Build.0 = Debug|TwinCAT CE7 (ARMV7)
		{996A2EDD-74B5-4EFE-BA75-8AB5FD21ECCC}.Debug|TwinCAT OS (ARMT2).ActiveCfg = Debug|TwinCAT OS (ARMT2)
		{996A2EDD-74B5-4EFE-BA75-8AB5FD21ECCC}.Debug|TwinCAT OS (ARMT2).Build.0 = Debug|TwinCAT OS (ARMT2)
		{996A2EDD-74B5-4EFE-BA75-8AB5FD21ECCC}.Debug|TwinCAT RT (x64).ActiveCfg = Debug|TwinCAT RT (x64)
		{996A2EDD-74B5-4EFE-BA75-8AB5FD21ECCC}.Debug|TwinCAT RT (x64).Build.0 = Debug|TwinCAT RT (x64)
		{996A2EDD-74B5-4EFE-BA75-8AB5FD21ECCC}.Debug|TwinCAT RT (x86).ActiveCfg = Debug|TwinCAT RT (x86)
		{996A2EDD-74B5-4EFE-BA75-8AB5FD21ECCC}.Debug|TwinCAT RT (x86).Build.0 = Debug|TwinCAT RT (x86)
		{996A2EDD-74B5-4EFE-BA75-8AB5FD21ECCC}.Release|TwinCAT CE7 (ARMV7).ActiveCfg = Release|TwinCAT CE7 (ARMV7)
		{996A2EDD-74B5-4EFE-BA75-8AB5FD21ECCC}.Release|TwinCAT CE7 (ARMV7).Build.0 = Release|TwinCAT CE7 (ARMV7)
		{996A2EDD-74B5-4EFE-BA75-8AB5FD21ECCC}.Release|TwinCAT OS (ARMT2).ActiveCfg = Release|TwinCAT OS (ARMT2)
		{996A2EDD-74B5-4EFE-BA75-8AB5FD21ECCC}.Release|TwinCAT OS (ARMT2).Build.0 = Release|TwinCAT OS (ARMT2)
		{996A2EDD-74B5-4EFE-BA75-8AB5FD21ECCC}.Release|TwinCAT RT (x64).ActiveCfg = Release|TwinCAT RT (x64)
		{996A2EDD-74B5-4EFE-BA75-8AB5FD21ECCC}.Release|TwinCAT RT (x64).Build.0 = Release|TwinCAT RT (x64)
		{996A2EDD-74B5-4EFE-BA75-8AB5FD21ECCC}.Release|TwinCAT RT (x86).ActiveCfg = Release|TwinCAT RT (x86)
		{996A2EDD-74B5-4EFE-BA75-8AB5FD21ECCC}.Release|TwinCAT RT (x86).Build.0 = Release|TwinCAT RT (x86)
		{CC0E07BB-3968-4C23-957F-74F03DDAEAD7}.Debug|TwinCAT CE7 (ARMV7).ActiveCfg = Debug|TwinCAT CE7 (ARMV7)
		{CC0E07BB-3968-4C23-957F-74F03DDAEAD7}.Debug|TwinCAT CE7 (ARMV7).Build.0 = Debug|TwinCAT CE7 (ARMV7)
		{CC0E07BB-3968-4C23-957F-74F03DDAEAD7}.Debug|TwinCAT OS (ARMT2).ActiveCfg = Debug|TwinCAT OS (ARMT2)
		{CC0E07BB-3968-4C23-957F-74F03DDAEAD7}.Debug|TwinCAT OS (ARMT2).Build.0 = Debug|TwinCAT OS (ARMT2)
		{CC0E07BB-3968-4C23-957F-74F03DDAEAD7}.Debug|TwinCAT RT (x64).ActiveCfg = Debug|TwinCAT RT (x64)
		{CC0E07BB-3968-4C23-957F-74F03DDAEAD7}.Debug|TwinCAT RT (x64).Build.0 = Debug|TwinCAT RT (x64)
		{CC0E07BB-3968-4C23-957F-74F03DDAEAD7}.Debug|TwinCAT RT (x86).ActiveCfg = Debug|TwinCAT RT (x86)
		{CC0E07BB-3968-4C23-957F-74F03DDAEAD7}.Debug|TwinCAT RT (x86).Build.0 = Debug|TwinCAT RT (x86)
		{CC0E07BB-3968-4C23-957F-74F03DDAEAD7}.Release|TwinCAT CE7 (ARMV7).ActiveCfg = Release|TwinCAT CE7 (ARMV7)
		{CC0E07BB-3968-4C23-957F-74F03DDAEAD7}.Release|TwinCAT CE7 (ARMV7).Build.0 = Release|TwinCAT CE7 (ARMV7)
		{CC0E07BB-3968-4C23-957F-74F03DDAEAD7}.Release|TwinCAT OS (ARMT2).ActiveCfg = Release|TwinCAT OS (ARMT2)
		{CC0E07BB-3968-4C23-957F-74F03DDAEAD7}.Release|TwinCAT OS (ARMT2).Build.0 = Release|TwinCAT OS (ARMT2)
		{CC0E07BB-3968-4C23-957F-74F03DDAEAD7}.Release|TwinCAT RT (x64).ActiveCfg = Release|TwinCAT RT (x64)
		{CC0E07BB-3968-4C23-957F-74F03DDAEAD7}.Release|TwinCAT RT (x64).Build.0 = Release|TwinCAT RT (x64)
		{CC0E07BB-3968-4C23-957F-74F03DDAEAD7}.Release|TwinCAT RT (x86).ActiveCfg = Release|TwinCAT RT (x86)
		{CC0E07BB-3968-4C23-957F-74F03DDAEAD7}.Release|TwinCAT RT (x86).Build.0 = Release|TwinCAT RT (x86)
		{E9F8A995-FBFE-445E-A0FA-675AE4DE0361}.Debug|TwinCAT CE7 (ARMV7).ActiveCfg = Debug|TwinCAT CE7 (ARMV7)
		{E9F8A995-FBFE-445E-A0FA-675AE4DE0361}.Debug|TwinCAT CE7 (ARMV7).Build.0 = Debug|TwinCAT CE7 (ARMV7)
		{E9F8A995-FBFE-445E-A0FA-675AE4DE0361}.Debug|TwinCAT OS (ARMT2).ActiveCfg = Debug|TwinCAT OS (ARMT2)
		{E9F8A995-FBFE-445E-A0FA-675AE4DE0361}.Debug|TwinCAT OS (ARMT2).Build.0 = Debug|TwinCAT OS (ARMT2)
		{E9F8A995-FBFE-445E-A0FA-675AE4DE0361}.Debug|TwinCAT RT (x64).ActiveCfg = Debug|TwinCAT RT (x64)
		{E9F8A995-FBFE-445E-A0FA-675AE4DE0361}.Debug|TwinCAT RT (x64).Build.0 = Debug|TwinCAT RT (x64)
		{E9F8A995-FBFE-445E-A0FA-675AE4DE0361}.Debug|TwinCAT RT (x86).ActiveCfg = Debug|TwinCAT RT (x86)
		{E9F8A995-FBFE-445E-A0FA-675AE4DE0361}.Debug|TwinCAT RT (x86).Build.0 = Debug|TwinCAT RT (x86)
		{E9F8A995-FBFE-445E-A0FA-675AE4DE0361}.Release|TwinCAT CE7 (ARMV7).ActiveCfg = Release|TwinCAT CE7 (ARMV7)
		{E9F8A995-FBFE-445E-A0FA-675AE4DE0361}.Release|TwinCAT CE7 (ARMV7).Build.0 = Release|TwinCAT CE7 (ARMV7)
		{E9F8A995-FBFE-445E-A0FA-675AE4DE0361}.Release|TwinCAT OS (ARMT2).ActiveCfg = Release|TwinCAT OS (ARMT2)
		{E9F8A995-FBFE-445E-A0FA-675AE4DE0361}.Release|TwinCAT OS (ARMT2).Build.0 = Release|TwinCAT OS (ARMT2)
		{E9F8A995-FBFE-445E-A0FA-675AE4DE0361}.Release|TwinCAT RT (x64).ActiveCfg = Release|TwinCAT RT (x64)
		{E9F8A995-FBFE-445E-A0FA-675AE4DE0361}.Release|TwinCAT RT (x64).Build.0 = Release|TwinCAT RT (x64)
		{E9F8A995-FBFE-445E-A0FA-675AE4DE0361}.Release|TwinCAT RT (x86).ActiveCfg = Release|TwinCAT RT (x86)
		{E9F8A995-FBFE-445E-A0FA-675AE4DE0361}.Release|TwinCAT RT (x86).Build.0 = Release|TwinCAT RT (x86)
		{20A7B155-19BB-44BF-A54B-8098E7A49749}.Debug|TwinCAT CE7 (ARMV7).ActiveCfg = Debug|TwinCAT CE7 (ARMV7)
		{20A7B155-19BB-44BF-A54B-8098E7A49749}.Debug|TwinCAT CE7 (ARMV7).Build.0 = Debug|TwinCAT CE7 (ARMV7)
		{20A7B155-19BB-44BF-A54B-8098E7A49749}.Debug|TwinCAT OS (ARMT2).ActiveCfg = Debug|TwinCAT OS (ARMT2)
		{20A7B155-19BB-44BF-A54B-8098E7A49749}.Debug|TwinCAT OS (ARMT2).Build.0 = Debug|TwinCAT OS (ARMT2)
		{20A7B155-19BB-44BF-A54B-8098E7A49749}.Debug|TwinCAT RT (x64).ActiveCfg = Debug|TwinCAT RT (x64)
		{20A7B155-19BB-44BF-A54B-8098E7A49749}.Debug|TwinCAT RT (x64).Build.0 = Debug|TwinCAT RT (x64)
		{20A7B155-19BB-44BF-A54B-8098E7A49749}.Debug|TwinCAT RT (x86).ActiveCfg = Debug|TwinCAT RT (x86)
		{20A7B155-19BB-44BF-A54B-8098E7A49749}.Debug|TwinCAT RT (x86).Build.0 = Debug|TwinCAT RT (x86)
		{20A7B155-19BB-44BF-A54B-8098E7A49749}.Release|TwinCAT CE7 (ARMV7).ActiveCfg = Release|TwinCAT CE7 (ARMV7)
		{20A7B155-19BB-44BF-A54B-8098E7A49749}.Release|TwinCAT CE7 (ARMV7).Build.0 = Release|TwinCAT CE7 (ARMV7)
		{20A7B155-19BB-44BF-A54B-8098E7A49749}.Release|TwinCAT OS (ARMT2).ActiveCfg = Release|TwinCAT OS (ARMT2)
		{20A7B155-19BB-44BF-A54B-8098E7A49749}.Release|TwinCAT OS (ARMT2).Build.0 = Release|TwinCAT OS (ARMT2)
		{20A7B155-19BB-44BF-A54B-8098E7A49749}.Release|TwinCAT RT (x64).ActiveCfg = Release|TwinCAT RT (x64)
		{20A7B155-19BB-44BF-A54B-8098E7A49749}.Release|TwinCAT RT (x64).Build.0 = Release|TwinCAT RT (x64)
		{20A7B155-19BB-44BF-A54B-8098E7A49749}.Release|TwinCAT RT (x86).ActiveCfg = Release|TwinCAT RT (x86)
		{20A7B155-19BB-44BF-A54B-8098E7A49749}.Release|TwinCAT RT (x86).Build.0 = Release|TwinCAT RT (x86)
		{DA254766-0833-4B28-AEAA-9D801E19EE2B}.Debug|TwinCAT CE7 (ARMV7).ActiveCfg = Debug|TwinCAT CE7 (ARMV7)
		{DA254766-0833-4B28-AEAA-9D801E19EE2B}.Debug|TwinCAT CE7 (ARMV7).Build.0 = Debug|TwinCAT CE7 (ARMV7)
		{DA254766-0833-4B28-AEAA-9D801E19EE2B}.Debug|TwinCAT OS (ARMT2).ActiveCfg = Debug|TwinCAT OS (ARMT2)
		{DA254766-0833-4B28-AEAA-9D801E19EE2B}.Debug|TwinCAT OS (ARMT2).Build.0 = Debug|TwinCAT OS (ARMT2)
		{DA254766-0833-4B28-AEAA-9D801E19EE2B}.Debug|TwinCAT RT (x64).ActiveCfg = Debug|TwinCAT RT (x64)
		{DA254766-0833-4B28-AEAA-9D801E19EE2B}.Debug|TwinCAT RT (x64).Build.0 = Debug|TwinCAT RT (x64)
		{DA254766-0833-4B28-AEAA-9D801E19EE2B}.Debug|TwinCAT RT (x86).ActiveCfg = Debug|TwinCAT RT (x86)
		{DA254766-0833-4B28-AEAA-9D801E19EE2B}.Debug|TwinCAT RT (x86).Build.0 = Debug|TwinCAT RT (x86)
		{DA254766-0833-4B28-AEAA-9D801E19EE2B}.Release|TwinCAT CE7 (ARMV7).ActiveCfg = Release|TwinCAT CE7 (ARMV7)
		{DA254766-0833-4B28-AEAA-9D801E19EE2B}.Release|TwinCAT CE7 (ARMV7).Build.0 = Release|TwinCAT CE7 (ARMV7)
		{DA254766-0833-4B28-AEAA-9D801E19EE2B}.Release|TwinCAT OS (ARMT2).ActiveCfg = Release|TwinCAT OS (ARMT2)
		{DA254766-0833-4B28-AEAA-9D801E19EE2B}.Release|TwinCAT OS (ARMT2).Build.0 = Release|TwinCAT OS (ARMT2)
		{DA254766-0833-4B28-AEAA-9D801E19EE2B}.Release|TwinCAT RT (x64).ActiveCfg = Release|TwinCAT RT (x64)
		{DA254766-0833-4B28-AEAA-9D801E19EE2B}.Release|TwinCAT RT (x64).Build.0 = Release|TwinCAT RT (x64)
		{DA254766-0833-4B28-AEAA-9D801E19EE2B}.Release|TwinCAT RT (x86).ActiveCfg = Release|TwinCAT RT (x86)
		{DA254766-0833-4B28-AEAA-9D801E19EE2B}.Release|TwinCAT RT (x86).Build.0 = Release|TwinCAT RT (x86)
		{3616D6B4-1051-4496-8C1E-40F34B895223}.Debug|TwinCAT CE7 (ARMV7).ActiveCfg = Debug|TwinCAT CE7 (ARMV7)
		{3616D6B4-1051-4496-8C1E-40F34B895223}.Debug|TwinCAT CE7 (ARMV7).Build.0 = Debug|TwinCAT CE7 (ARMV7)
		{3616D6B4-1051-4496-8C1E-40F34B895223}.Debug|TwinCAT OS (ARMT2).ActiveCfg = Debug|TwinCAT OS (ARMT2)
		{3616D6B4-1051-4496-8C1E-40F34B895223}.Debug|TwinCAT OS (ARMT2).Build.0 = Debug|TwinCAT OS (ARMT2)
		{3616D6B4-1051-4496-8C1E-40F34B895223}.Debug|TwinCAT RT (x64).ActiveCfg = Debug|TwinCAT RT (x64)
		{3616D6B4-1051-4496-8C1E-40F34B895223}.Debug|TwinCAT RT (x64).Build.0 = Debug|TwinCAT RT (x64)
		{3616D6B4-1051-4496-8C1E-40F34B895223}.Debug|TwinCAT RT (x86).ActiveCfg = Debug|TwinCAT RT (x86)
		{3616D6B4-1051-4496-8C1E-40F34B895223}.Debug|TwinCAT RT (x86).Build.0 = Debug|TwinCAT RT (x86)
		{3616D6B4-1051-4496-8C1E-40F34B895223}.Release|TwinCAT CE7 (ARMV7).ActiveCfg = Release|TwinCAT CE7 (ARMV7)
		{3616D6B4-1051-4496-8C1E-40F34B895223}.Release|TwinCAT CE7 (ARMV7).Build.0 = Release|TwinCAT CE7 (ARMV7)
		{3616D6B4-1051-4496-8C1E-40F34B895223}.Release|TwinCAT OS (ARMT2).ActiveCfg = Release|TwinCAT OS (ARMT2)
		{3616D6B4-1051-4496-8C1E-40F34B895223}.Release|TwinCAT OS (ARMT2).Build.0 = Release|TwinCAT OS (ARMT2)
		{3616D6B4-1051-4496-8C1E-40F34B895223}.Release|TwinCAT RT (x64).ActiveCfg = Release|TwinCAT RT (x64)
		{3616D6B4-1051-4496-8C1E-40F34B895223}.Release|TwinCAT RT (x64).Build.0 = Release|TwinCAT RT (x64)
		{3616D6B4-1051-4496-8C1E-40F34B895223}.Release|TwinCAT RT (x86).ActiveCfg = Release|TwinCAT RT (x86)
		{3616D6B4-1051-4496-8C1E-40F34B895223}.Release|TwinCAT RT (x86).Build.0 = Release|TwinCAT RT (x86)
		{BEC409EA-BD62-4E32-87B1-CABC1DA75C06}.Debug|TwinCAT CE7 (ARMV7).ActiveCfg = Debug|TwinCAT CE7 (ARMV7)
		{BEC409EA-BD62-4E32-87B1-CABC1DA75C06}.Debug|TwinCAT CE7 (ARMV7).Build.0 = Debug|TwinCAT CE7 (ARMV7)
		{BEC409EA-BD62-4E32-87B1-CABC1DA75C06}.Debug|TwinCAT OS (ARMT2).ActiveCfg = Debug|TwinCAT OS (ARMT2)
		{BEC409EA-BD62-4E32-87B1-CABC1DA75C06}.Debug|TwinCAT OS (ARMT2).Build.0 = Debug|TwinCAT OS (ARMT2)
		{BEC409EA-BD62-4E32-87B1-CABC1DA75C06}.Debug|TwinCAT RT (x64).ActiveCfg = Debug|TwinCAT RT (x64)
		{BEC409EA-BD62-4E32-87B1-CABC1DA75C06}.Debug|TwinCAT RT (x64).Build.0 = Debug|TwinCAT RT (x64)
		{BEC409EA-BD62-4E32-87B1-CABC1DA75C06}.Debug|TwinCAT RT (x86).ActiveCfg = Debug|TwinCAT RT (x86)
		{BEC409EA-BD62-4E32-87B1-CABC1DA75C06}.Debug|TwinCAT RT (x86).Build.0 = Debug|TwinCAT RT (x86)
		{BEC409EA-BD62-4E32-87B1-CABC1DA75C06}.Release|TwinCAT CE7 (ARMV7).ActiveCfg = Release|TwinCAT CE7 (ARMV7)
		{BEC409EA-BD62-4E32-87B1-CABC1DA75C06}.Release|TwinCAT CE7 (ARMV7).Build.0 = Release|TwinCAT CE7 (ARMV7)
		{BEC409EA-BD62-4E32-87B1-CABC1DA75C06}.Release|TwinCAT OS (ARMT2).ActiveCfg = Release|TwinCAT OS (ARMT2)
		{BEC409EA-BD62-4E32-87B1-CABC1DA75C06}.Release|TwinCAT OS (ARMT2).Build.0 = Release|TwinCAT OS (ARMT2)
		{BEC409EA-BD62-4E32-87B1-CABC1DA75C06}.Release|TwinCAT RT (x64).ActiveCfg = Release|TwinCAT RT (x64)
		{BEC409EA-BD62-4E32-87B1-CABC1DA75C06}.Release|TwinCAT RT (x64).Build.0 = Release|TwinCAT RT (x64)
		{BEC409EA-BD62-4E32-87B1-CABC1DA75C06}.Release|TwinCAT RT (x86).ActiveCfg = Release|TwinCAT RT (x86)
		{BEC409EA-BD62-4E32-87B1-CABC1DA75C06}.Release|TwinCAT RT (x86).Build.0 = Release|TwinCAT RT (x86)
		{2FFA72D0-03BE-4C9B-A2F7-5C0A1120D275}.Debug|TwinCAT CE7 (ARMV7).ActiveCfg = Debug|TwinCAT CE7 (ARMV7)
		{2FFA72D0-03BE-4C9B-A2F7-5C0A1120D275}.Debug|TwinCAT CE7 (ARMV7).Build.0 = Debug|TwinCAT CE7 (ARMV7)
		{2FFA72D0-03BE-4C9B-A2F7-5C0A1120D275}.Debug|TwinCAT OS (ARMT2).ActiveCfg = Debug|TwinCAT OS (ARMT2)
		{2FFA72D0-03BE-4C9B-A2F7-5C0A1120D275}.Debug|TwinCAT OS (ARMT2).Build.0 = Debug|TwinCAT OS (ARMT2)
		{2FFA72D0-03BE-4C9B-A2F7-5C0A1120D275}.Debug|TwinCAT RT (x64).ActiveCfg = Debug|TwinCAT RT (x64)
		{2FFA72D0-03BE-4C9B-A2F7-5C0A1120D275}.Debug|TwinCAT RT (x64).Build.0 = Debug|TwinCAT RT (x64)
		{2FFA72D0-03BE-4C9B-A2F7-5C0A1120D275}.Debug|TwinCAT RT (x86).ActiveCfg = Debug|TwinCAT RT (x86)
		{2FFA72D0-03BE-4C9B-A2F7-5C0A1120D275}.Debug|TwinCAT RT (x86).Build.0 = Debug|TwinCAT RT (x86)
		{2FFA72D0-03BE-4C9B-A2F7-5C0A1120D275}.Release|TwinCAT CE7 (ARMV7).ActiveCfg = Release|TwinCAT CE7 (ARMV7)
		{2FFA72D0-03BE-4C9B-A2F7-5C0A1120D275}.Release|TwinCAT CE7 (ARMV7).Build.0 = Release|TwinCAT CE7 (ARMV7)
		{2FFA72D0-03BE-4C9B-A2F7-5C0A1120D275}.Release|TwinCAT OS (ARMT2).ActiveCfg = Release|TwinCAT OS (ARMT2)
		{2FFA72D0-03BE-4C9B-A2F7-5C0A1120D275}.Release|TwinCAT OS (ARMT2).Build.0 = Release|TwinCAT OS (ARMT2)
		{2FFA72D0-03BE-4C9B-A2F7-5C0A1120D275}.Release|TwinCAT RT (x64).ActiveCfg = Release|TwinCAT RT (x64)
		{2FFA72D0-03BE-4C9B-A2F7-5C0A1120D275}.Release|TwinCAT RT (x64).Build.0 = Release|TwinCAT RT (x64)
		{2FFA72D0-03BE-4C9B-A2F7-5C0A1120D275}.Release|TwinCAT RT (x86).ActiveCfg = Release|TwinCAT RT (x86)
		{2FFA72D0-03BE-4C9B-A2F7-5C0A1120D275}.Release|TwinCAT RT (x86).Build.0 = Release|TwinCAT RT (x86)
		{B13645C2-22E0-4151-BBE5-50A1A48FEEEF}.Debug|TwinCAT CE7 (ARMV7).ActiveCfg = Debug|TwinCAT CE7 (ARMV7)
		{B13645C2-22E0-4151-BBE5-50A1A48FEEEF}.Debug|TwinCAT CE7 (ARMV7).Build.0 = Debug|TwinCAT CE7 (ARMV7)
		{B13645C2-22E0-4151-BBE5-50A1A48FEEEF}.Debug|TwinCAT OS (ARMT2).ActiveCfg = Debug|TwinCAT OS (ARMT2)
		{B13645C2-22E0-4151-BBE5-50A1A48FEEEF}.Debug|TwinCAT OS (ARMT2).Build.0 = Debug|TwinCAT OS (ARMT2)
		{B13645C2-22E0-4151-BBE5-50A1A48FEEEF}.Debug|TwinCAT RT (x64).ActiveCfg = Debug|TwinCAT RT (x64)
		{B13645C2-22E0-4151-BBE5-50A1A48FEEEF}.Debug|TwinCAT RT (x64).Build.0 = Debug|TwinCAT RT (x64)
		{B13645C2-22E0-4151-BBE5-50A1A48FEEEF}.Debug|TwinCAT RT (x86).ActiveCfg = Debug|TwinCAT RT (x86)
		{B13645C2-22E0-4151-BBE5-50A1A48FEEEF}.Debug|TwinCAT RT (x86).Build.0 = Debug|TwinCAT RT (x86)
		{B13645C2-22E0-4151-BBE5-50A1A48FEEEF}.Release|TwinCAT CE7 (ARMV7).ActiveCfg = Release|TwinCAT CE7 (ARMV7)
		{B13645C2-22E0-4151-BBE5-50A1A48FEEEF}.Release|TwinCAT CE7 (ARMV7).Build.0 = Release|TwinCAT CE7 (ARMV7)
		{B13645C2-22E0-4151-BBE5-50A1A48FEEEF}.Release|TwinCAT OS (ARMT2).ActiveCfg = Release|TwinCAT OS (ARMT2)
		{B13645C2-22E0-4151-BBE5-50A1A48FEEEF}.Release|TwinCAT OS (ARMT2).Build.0 = Release|TwinCAT OS (ARMT2)
		{B13645C2-22E0-4151-BBE5-50A1A48FEEEF}.Release|TwinCAT RT (x64).ActiveCfg = Release|TwinCAT RT (x64)
		{B13645C2-22E0-4151-BBE5-50A1A48FEEEF}.Release|TwinCAT RT (x64).Build.0 = Release|TwinCAT RT (x64)
		{B13645C2-22E0-4151-BBE5-50A1A48FEEEF}.Release|TwinCAT RT (x86).ActiveCfg = Release|TwinCAT RT (x86)
		{B13645C2-22E0-4151-BBE5-50A1A48FEEEF}.Release|TwinCAT RT (x86).Build.0 = Release|TwinCAT RT (x86)
		{6760C8C7-EE14-4D0A-A4B3-6282EBEEED04}.Debug|TwinCAT CE7 (ARMV7).ActiveCfg = Debug|TwinCAT CE7 (ARMV7)
		{6760C8C7-EE14-4D0A-A4B3-6282EBEEED04}.Debug|TwinCAT CE7 (ARMV7).Build.0 = Debug|TwinCAT CE7 (ARMV7)
		{6760C8C7-EE14-4D0A-A4B3-6282EBEEED04}.Debug|TwinCAT OS (ARMT2).ActiveCfg = Debug|TwinCAT OS (ARMT2)
		{6760C8C7-EE14-4D0A-A4B3-6282EBEEED04}.Debug|TwinCAT OS (ARMT2).Build.0 = Debug|TwinCAT OS (ARMT2)
		{6760C8C7-EE14-4D0A-A4B3-6282EBEEED04}.Debug|TwinCAT RT (x64).ActiveCfg = Debug|TwinCAT RT (x64)
		{6760C8C7-EE14-4D0A-A4B3-6282EBEEED04}.Debug|TwinCAT RT (x64).Build.0 = Debug|TwinCAT RT (x64)
		{6760C8C7-EE14-4D0A-A4B3-6282EBEEED04}.Debug|TwinCAT RT (x86).ActiveCfg = Debug|TwinCAT RT (x86)
		{6760C8C7-EE14-4D0A-A4B3-6282EBEEED04}.Debug|TwinCAT RT (x86).Build.0 = Debug|TwinCAT RT (x86)
		{6760C8C7-EE14-4D0A-A4B3-6282EBEEED04}.Release|TwinCAT CE7 (ARMV7).ActiveCfg = Release|TwinCAT CE7 (ARMV7)
		{6760C8C7-EE14-4D0A-A4B3-6282EBEEED04}.Release|TwinCAT CE7 (ARMV7).Build.0 = Release|TwinCAT CE7 (ARMV7)
		{6760C8C7-EE14-4D0A-A4B3-6282EBEEED04}.Release|TwinCAT OS (ARMT2).ActiveCfg = Release|TwinCAT OS (ARMT2)
		{6760C8C7-EE14-4D0A-A4B3-6282EBEEED04}.Release|TwinCAT OS (ARMT2).Build.0 = Release|TwinCAT OS (ARMT2)
		{6760C8C7-EE14-4D0A-A4B3-6282EBEEED04}.Release|TwinCAT RT (x64).ActiveCfg = Release|TwinCAT RT (x64)
		{6760C8C7-EE14-4D0A-A4B3-6282EBEEED04}.Release|TwinCAT RT (x64).Build.0 = Release|TwinCAT RT (x64)
		{6760C8C7-EE14-4D0A-A4B3-6282EBEEED04}.Release|TwinCAT RT (x86).ActiveCfg = Release|TwinCAT RT (x86)
		{6760C8C7-EE14-4D0A-A4B3-6282EBEEED04}.Release|TwinCAT RT (x86).Build.0 = Release|TwinCAT RT (x86)
		{A0B9AAF4-31EC-4B1B-940B-926857B9884B}.Debug|TwinCAT CE7 (ARMV7).ActiveCfg = Debug|TwinCAT CE7 (ARMV7)
		{A0B9AAF4-31EC-4B1B-940B-926857B9884B}.Debug|TwinCAT CE7 (ARMV7).Build.0 = Debug|TwinCAT CE7 (ARMV7)
		{A0B9AAF4-31EC-4B1B-940B-926857B9884B}.Debug|TwinCAT OS (ARMT2).ActiveCfg = Debug|TwinCAT OS (ARMT2)
		{A0B9AAF4-31EC-4B1B-940B-926857B9884B}.Debug|TwinCAT OS (ARMT2).Build.0 = Debug|TwinCAT OS (ARMT2)
		{A0B9AAF4-31EC-4B1B-940B-926857B9884B}.Debug|TwinCAT RT (x64).ActiveCfg = Debug|TwinCAT RT (x64)
		{A0B9AAF4-31EC-4B1B-940B-926857B9884B}.Debug|TwinCAT RT (x64).Build.0 = Debug|TwinCAT RT (x64)
		{A0B9AAF4-31EC-4B1B-940B-926857B9884B}.Debug|TwinCAT RT (x86).ActiveCfg = Debug|TwinCAT RT (x86)
		{A0B9AAF4-31EC-4B1B-940B-926857B9884B}.Debug|TwinCAT RT (x86).Build.0 = Debug|TwinCAT RT (x86)
		{A0B9AAF4-31EC-4B1B-940B-926857B9884B}.Release|TwinCAT CE7 (ARMV7).ActiveCfg = Release|TwinCAT CE7 (ARMV7)
		{A0B9AAF4-31EC-4B1B-940B-926857B9884B}.Release|TwinCAT CE7 (ARMV7).Build.0 = Release|TwinCAT CE7 (ARMV7)
		{A0B9AAF4-31EC-4B1B-940B-926857B9884B}.Release|TwinCAT OS (ARMT2).ActiveCfg = Release|TwinCAT OS (ARMT2)
		{A0B9AAF4-31EC-4B1B-940B-926857B9884B}.Release|TwinCAT OS (ARMT2).Build.0 = Release|TwinCAT OS (ARMT2)
		{A0B9AAF4-31EC-4B1B-940B-926857B9884B}.Release|TwinCAT RT (x64).ActiveCfg = Release|TwinCAT RT (x64)
		{A0B9AAF4-31EC-4B1B-940B-926857B9884B}.Release|TwinCAT RT (x64).Build.0 = Release|TwinCAT RT (x64)
		{A0B9AAF4-31EC-4B1B-940B-926857B9884B}.Release|TwinCAT RT (x86).ActiveCfg = Release|TwinCAT RT (x86)
		{A0B9AAF4-31EC-4B1B-940B-926857B9884B}.Release|TwinCAT RT (x86).Build.0 = Release|TwinCAT RT (x86)
		{D257BAA0-C9AB-4BCE-9684-C791D06436AC}.Debug|TwinCAT CE7 (ARMV7).ActiveCfg = Debug|TwinCAT CE7 (ARMV7)
		{D257BAA0-C9AB-4BCE-9684-C791D06436AC}.Debug|TwinCAT CE7 (ARMV7).Build.0 = Debug|TwinCAT CE7 (ARMV7)
		{D257BAA0-C9AB-4BCE-9684-C791D06436AC}.Debug|TwinCAT OS (ARMT2).ActiveCfg = Debug|TwinCAT OS (ARMT2)
		{D257BAA0-C9AB-4BCE-9684-C791D06436AC}.Debug|TwinCAT OS (ARMT2).Build.0 = Debug|TwinCAT OS (ARMT2)
		{D257BAA0-C9AB-4BCE-9684-C791D06436AC}.Debug|TwinCAT RT (x64).ActiveCfg = Debug|TwinCAT RT (x64)
		{D257BAA0-C9AB-4BCE-9684-C791D06436AC}.Debug|TwinCAT RT (x64).Build.0 = Debug|TwinCAT RT (x64)
		{D257BAA0-C9AB-4BCE-9684-C791D06436AC}.Debug|TwinCAT RT (x86).ActiveCfg = Debug|TwinCAT RT (x86)
		{D257BAA0-C9AB-4BCE-9684-C791D06436AC}.Debug|TwinCAT RT (x86).Build.0 = Debug|TwinCAT RT (x86)
		{D257BAA0-C9AB-4BCE-9684-C791D06436AC}.Release|TwinCAT CE7 (ARMV7).ActiveCfg = Release|TwinCAT CE7 (ARMV7)
		{D257BAA0-C9AB-4BCE-9684-C791D06436AC}.Release|TwinCAT CE7 (ARMV7).Build.0 = Release|TwinCAT CE7 (ARMV7)
		{D257BAA0-C9AB-4BCE-9684-C791D06436AC}.Release|TwinCAT OS (ARMT2).ActiveCfg = Release|TwinCAT OS (ARMT2)
		{D257BAA0-C9AB-4BCE-9684-C791D06436AC}.Release|TwinCAT OS (ARMT2).Build.0 = Release|TwinCAT OS (ARMT2)
		{D257BAA0-C9AB-4BCE-9684-C791D06436AC}.Release|TwinCAT RT (x64).ActiveCfg = Release|TwinCAT RT (x64)
		{D257BAA0-C9AB-4BCE-9684-C791D06436AC}.Release|TwinCAT RT (x64).Build.0 = Release|TwinCAT RT (x64)
		{D257BAA0-C9AB-4BCE-9684-C791D06436AC}.Release|TwinCAT RT (x86).ActiveCfg = Release|TwinCAT RT (x86)
		{D257BAA0-C9AB-4BCE-9684-C791D06436AC}.Release|TwinCAT RT (x86).Build.0 = Release|TwinCAT RT (x86)
		{134BDB4B-8C67-4907-9732-7045B5B2B131}.Debug|TwinCAT CE7 (ARMV7).ActiveCfg = Debug|TwinCAT CE7 (ARMV7)
		{134BDB4B-8C67-4907-9732-7045B5B2B131}.Debug|TwinCAT CE7 (ARMV7).Build.0 = Debug|TwinCAT CE7 (ARMV7)
		{134BDB4B-8C67-4907-9732-7045B5B2B131}.Debug|TwinCAT OS (ARMT2).ActiveCfg = Debug|TwinCAT OS (ARMT2)
		{134BDB4B-8C67-4907-9732-7045B5B2B131}.Debug|TwinCAT OS (ARMT2).Build.0 = Debug|TwinCAT OS (ARMT2)
		{134BDB4B-8C67-4907-9732-7045B5B2B131}.Debug|TwinCAT RT (x64).ActiveCfg = Debug|TwinCAT RT (x64)
		{134BDB4B-8C67-4907-9732-7045B5B2B131}.Debug|TwinCAT RT (x64).Build.0 = Debug|TwinCAT RT (x64)
		{134BDB4B-8C67-4907-9732-7045B5B2B131}.Debug|TwinCAT RT (x86).ActiveCfg = Debug|TwinCAT RT (x86)
		{134BDB4B-8C67-4907-9732-7045B5B2B131}.Debug|TwinCAT RT (x86).Build.0 = Debug|TwinCAT RT (x86)
		{134BDB4B-8C67-4907-9732-7045B5B2B131}.Release|TwinCAT CE7 (ARMV7).ActiveCfg = Release|TwinCAT CE7 (ARMV7)
		{134BDB4B-8C67-4907-9732-7045B5B2B131}.Release|TwinCAT CE7 (ARMV7).Build.0 = Release|TwinCAT CE7 (ARMV7)
		{134BDB4B-8C67-4907-9732-7045B5B2B131}.Release|TwinCAT OS (ARMT2).ActiveCfg = Release|TwinCAT OS (ARMT2)
		{134BDB4B-8C67-4907-9732-7045B5B2B131}.Release|TwinCAT OS (ARMT2).Build.0 = Release|TwinCAT OS (ARMT2)
		{134BDB4B-8C67-4907-9732-7045B5B2B131}.Release|TwinCAT RT (x64).ActiveCfg = Release|TwinCAT RT (x64)
		{134BDB4B-8C67-4907-9732-7045B5B2B131}.Release|TwinCAT RT (x64).Build.0 = Release|TwinCAT RT (x64)
		{134BDB4B-8C67-4907-9732-7045B5B2B131}.Release|TwinCAT RT (x86).ActiveCfg = Release|TwinCAT RT (x86)
		{134BDB4B-8C67-4907-9732-7045B5B2B131}.Release|TwinCAT RT (x86).Build.0 = Release|TwinCAT RT (x86)
		{1883F847-16C0-4C54-A24D-B7787083864E}.Debug|TwinCAT CE7 (ARMV7).ActiveCfg = Debug|TwinCAT CE7 (ARMV7)
		{1883F847-16C0-4C54-A24D-B7787083864E}.Debug|TwinCAT CE7 (ARMV7).Build.0 = Debug|TwinCAT CE7 (ARMV7)
		{1883F847-16C0-4C54-A24D-B7787083864E}.Debug|TwinCAT OS (ARMT2).ActiveCfg = Debug|TwinCAT OS (ARMT2)
		{1883F847-16C0-4C54-A24D-B7787083864E}.Debug|TwinCAT OS (ARMT2).Build.0 = Debug|TwinCAT OS (ARMT2)
		{1883F847-16C0-4C54-A24D-B7787083864E}.Debug|TwinCAT RT (x64).ActiveCfg = Debug|TwinCAT RT (x64)
		{1883F847-16C0-4C54-A24D-B7787083864E}.Debug|TwinCAT RT (x64).Build.0 = Debug|TwinCAT RT (x64)
		{1883F847-16C0-4C54-A24D-B7787083864E}.Debug|TwinCAT RT (x86).ActiveCfg = Debug|TwinCAT RT (x86)
		{1883F847-16C0-4C54-A24D-B7787083864E}.Debug|TwinCAT RT (x86).Build.0 = Debug|TwinCAT RT (x86)
		{1883F847-16C0-4C54-A24D-B7787083864E}.Release|TwinCAT CE7 (ARMV7).ActiveCfg = Release|TwinCAT CE7 (ARMV7)
		{1883F847-16C0-4C54-A24D-B7787083864E}.Release|TwinCAT CE7 (ARMV7).Build.0 = Release|TwinCAT CE7 (ARMV7)
		{1883F847-16C0-4C54-A24D-B7787083864E}.Release|TwinCAT OS (ARMT2).ActiveCfg = Release|TwinCAT OS (ARMT2)
		{1883F847-16C0-4C54-A24D-B7787083864E}.Release|TwinCAT OS (ARMT2).Build.0 = Release|TwinCAT OS (ARMT2)
		{1883F847-16C0-4C54-A24D-B7787083864E}.Release|TwinCAT RT (x64).ActiveCfg = Release|TwinCAT RT (x64)
		{1883F847-16C0-4C54-A24D-B7787083864E}.Release|TwinCAT RT (x64).Build.0 = Release|TwinCAT RT (x64)
		{1883F847-16C0-4C54-A24D-B7787083864E}.Release|TwinCAT RT (x86).ActiveCfg = Release|TwinCAT RT (x86)
		{1883F847-16C0-4C54-A24D-B7787083864E}.Release|TwinCAT RT (x86).Build.0 = Release|TwinCAT RT (x86)
		{D391FBAB-246B-43DD-B43D-417621E09086}.Debug|TwinCAT CE7 (ARMV7).ActiveCfg = Debug|TwinCAT CE7 (ARMV7)
		{D391FBAB-246B-43DD-B43D-417621E09086}.Debug|TwinCAT CE7 (ARMV7).Build.0 = Debug|TwinCAT CE7 (ARMV7)
		{D391FBAB-246B-43DD-B43D-417621E09086}.Debug|TwinCAT OS (ARMT2).ActiveCfg = Debug|TwinCAT OS (ARMT2)
		{D391FBAB-246B-43DD-B43D-417621E09086}.Debug|TwinCAT OS (ARMT2).Build.0 = Debug|TwinCAT OS (ARMT2)
		{D391FBAB-246B-43DD-B43D-417621E09086}.Debug|TwinCAT RT (x64).ActiveCfg = Debug|TwinCAT RT (x64)
		{D391FBAB-246B-43DD-B43D-417621E09086}.Debug|TwinCAT RT (x64).Build.0 = Debug|TwinCAT RT (x64)
		{D391FBAB-246B-43DD-B43D-417621E09086}.Debug|TwinCAT RT (x86).ActiveCfg = Debug|TwinCAT RT (x86)
		{D391FBAB-246B-43DD-B43D-417621E09086}.Debug|TwinCAT RT (x86).Build.0 = Debug|TwinCAT RT (x86)
		{D391FBAB-246B-43DD-B43D-417621E09086}.Release|TwinCAT CE7 (ARMV7).ActiveCfg = Release|TwinCAT CE7 (ARMV7)
		{D391FBAB-246B-43DD-B43D-417621E09086}.Release|TwinCAT CE7 (ARMV7).Build.0 = Release|TwinCAT CE7 (ARMV7)
		{D391FBAB-246B-43DD-B43D-417621E09086}.Release|TwinCAT OS (ARMT2).ActiveCfg = Release|TwinCAT OS (ARMT2)
		{D391FBAB-246B-43DD-B43D-417621E09086}.Release|TwinCAT OS (ARMT2).Build.0 = Release|TwinCAT OS (ARMT2)
		{D391FBAB-246B-43DD-B43D-417621E09086}.Release|TwinCAT RT (x64).ActiveCfg = Release|TwinCAT RT (x64)
		{D391FBAB-246B-43DD-B43D-417621E09086}.Release|TwinCAT RT (x64).Build.0 = Release|TwinCAT RT (x64)
		{D391FBAB-246B-43DD-B43D-417621E09086}.Release|TwinCAT RT (x86).ActiveCfg = Release|TwinCAT RT (x86)
		{D391FBAB-246B-43DD-B43D-417621E09086}.Release|TwinCAT RT (x86).Build.0 = Release|TwinCAT RT (x86)
		{90199A90-06D9-4D32-81E6-ADF031AC89F7}.Debug|TwinCAT CE7 (ARMV7).ActiveCfg = Debug|TwinCAT CE7 (ARMV7)
		{90199A90-06D9-4D32-81E6-ADF031AC89F7}.Debug|TwinCAT CE7 (ARMV7).Build.0 = Debug|TwinCAT CE7 (ARMV7)
		{90199A90-06D9-4D32-81E6-ADF031AC89F7}.Debug|TwinCAT OS (ARMT2).ActiveCfg = Debug|TwinCAT OS (ARMT2)
		{90199A90-06D9-4D32-81E6-ADF031AC89F7}.Debug|TwinCAT OS (ARMT2).Build.0 = Debug|TwinCAT OS (ARMT2)
		{90199A90-06D9-4D32-81E6-ADF031AC89F7}.Debug|TwinCAT RT (x64).ActiveCfg = Debug|TwinCAT RT (x64)
		{90199A90-06D9-4D32-81E6-ADF031AC89F7}.Debug|TwinCAT RT (x64).Build.0 = Debug|TwinCAT RT (x64)
		{90199A90-06D9-4D32-81E6-ADF031AC89F7}.Debug|TwinCAT RT (x86).ActiveCfg = Debug|TwinCAT RT (x86)
		{90199A90-06D9-4D32-81E6-ADF031AC89F7}.Debug|TwinCAT RT (x86).Build.0 = Debug|TwinCAT RT (x86)
		{90199A90-06D9-4D32-81E6-ADF031AC89F7}.Release|TwinCAT CE7 (ARMV7).ActiveCfg = Release|TwinCAT CE7 (ARMV7)
		{90199A90-06D9-4D32-81E6-ADF031AC89F7}.Release|TwinCAT CE7 (ARMV7).Build.0 = Release|TwinCAT CE7 (ARMV7)
		{90199A90-06D9-4D32-81E6-ADF031AC89F7}.Release|TwinCAT OS (ARMT2).ActiveCfg = Release|TwinCAT OS (ARMT2)
		{90199A90-06D9-4D32-81E6-ADF031AC89F7}.Release|TwinCAT OS (ARMT2).Build.0 = Release|TwinCAT OS (ARMT2)
		{90199A90-06D9-4D32-81E6-ADF031AC89F7}.Release|TwinCAT RT (x64).ActiveCfg = Release|TwinCAT RT (x64)
		{90199A90-06D9-4D32-81E6-ADF031AC89F7}.Release|TwinCAT RT (x64).Build.0 = Release|TwinCAT RT (x64)
		{90199A90-06D9-4D32-81E6-ADF031AC89F7}.Release|TwinCAT RT (x86).ActiveCfg = Release|TwinCAT RT (x86)
		{90199A90-06D9-4D32-81E6-ADF031AC89F7}.Release|TwinCAT RT (x86).Build.0 = Release|TwinCAT RT (x86)
		{31578B3B-8D10-4FDE-80ED-A344E0826C3B}.Debug|TwinCAT CE7 (ARMV7).ActiveCfg = Debug|TwinCAT CE7 (ARMV7)
		{31578B3B-8D10-4FDE-80ED-A344E0826C3B}.Debug|TwinCAT CE7 (ARMV7).Build.0 = Debug|TwinCAT CE7 (ARMV7)
		{31578B3B-8D10-4FDE-80ED-A344E0826C3B}.Debug|TwinCAT OS (ARMT2).ActiveCfg = Debug|TwinCAT OS (ARMT2)
		{31578B3B-8D10-4FDE-80ED-A344E0826C3B}.Debug|TwinCAT OS (ARMT2).Build.0 = Debug|TwinCAT OS (ARMT2)
		{31578B3B-8D10-4FDE-80ED-A344E0826C3B}.Debug|TwinCAT RT (x64).ActiveCfg = Debug|TwinCAT RT (x64)
		{31578B3B-8D10-4FDE-80ED-A344E0826C3B}.Debug|TwinCAT RT (x64).Build.0 = Debug|TwinCAT RT (x64)
		{31578B3B-8D10-4FDE-80ED-A344E0826C3B}.Debug|TwinCAT RT (x86).ActiveCfg = Debug|TwinCAT RT (x86)
		{31578B3B-8D10-4FDE-80ED-A344E0826C3B}.Debug|TwinCAT RT (x86).Build.0 = Debug|TwinCAT RT (x86)
		{31578B3B-8D10-4FDE-80ED-A344E0826C3B}.Release|TwinCAT CE7 (ARMV7).ActiveCfg = Release|TwinCAT CE7 (ARMV7)
		{31578B3B-8D10-4FDE-80ED-A344E0826C3B}.Release|TwinCAT CE7 (ARMV7).Build.0 = Release|TwinCAT CE7 (ARMV7)
		{31578B3B-8D10-4FDE-80ED-A344E0826C3B}.Release|TwinCAT OS (ARMT2).ActiveCfg = Release|TwinCAT OS (ARMT2)
		{31578B3B-8D10-4FDE-80ED-A344E0826C3B}.Release|TwinCAT OS (ARMT2).Build.0 = Release|TwinCAT OS (ARMT2)
		{31578B3B-8D10-4FDE-80ED-A344E0826C3B}.Release|TwinCAT RT (x64).ActiveCfg = Release|TwinCAT RT (x64)
		{31578B3B-8D10-4FDE-80ED-A344E0826C3B}.Release|TwinCAT RT (x64).Build.0 = Release|TwinCAT RT (x64)
		{31578B3B-8D10-4FDE-80ED-A344E0826C3B}.Release|TwinCAT RT (x86).ActiveCfg = Release|TwinCAT RT (x86)
		{31578B3B-8D10-4FDE-80ED-A344E0826C3B}.Release|TwinCAT RT (x86).Build.0 = Release|TwinCAT RT (x86)
		{BEEDADD0-F1C8-4681-B422-0493FA23541E}.Debug|TwinCAT CE7 (ARMV7).ActiveCfg = Debug|TwinCAT CE7 (ARMV7)
		{BEEDADD0-F1C8-4681-B422-0493FA23541E}.Debug|TwinCAT CE7 (ARMV7).Build.0 = Debug|TwinCAT CE7 (ARMV7)
		{BEEDADD0-F1C8-4681-B422-0493FA23541E}.Debug|TwinCAT OS (ARMT2).ActiveCfg = Debug|TwinCAT OS (ARMT2)
		{BEEDADD0-F1C8-4681-B422-0493FA23541E}.Debug|TwinCAT OS (ARMT2).Build.0 = Debug|TwinCAT OS (ARMT2)
		{BEEDADD0-F1C8-4681-B422-0493FA23541E}.Debug|TwinCAT RT (x64).ActiveCfg = Debug|TwinCAT RT (x64)
		{BEEDADD0-F1C8-4681-B422-0493FA23541E}.Debug|TwinCAT RT (x64).Build.0 = Debug|TwinCAT RT (x64)
		{BEEDADD0-F1C8-4681-B422-0493FA23541E}.Debug|TwinCAT RT (x86).ActiveCfg = Debug|TwinCAT RT (x86)
		{BEEDADD0-F1C8-4681-B422-0493FA23541E}.Debug|TwinCAT RT (x86).Build.0 = Debug|TwinCAT RT (x86)
		{BEEDADD0-F1C8-4681-B422-0493FA23541E}.Release|TwinCAT CE7 (ARMV7).ActiveCfg = Release|TwinCAT CE7 (ARMV7)
		{BEEDADD0-F1C8-4681-B422-0493FA23541E}.Release|TwinCAT CE7 (ARMV7).Build.0 = Release|TwinCAT CE7 (ARMV7)
		{BEEDADD0-F1C8-4681-B422-0493FA23541E}.Release|TwinCAT OS (ARMT2).ActiveCfg = Release|TwinCAT OS (ARMT2)
		{BEEDADD0-F1C8-4681-B422-0493FA23541E}.Release|TwinCAT OS (ARMT2).Build.0 = Release|TwinCAT OS (ARMT2)
		{BEEDADD0-F1C8-4681-B422-0493FA23541E}.Release|TwinCAT RT (x64).ActiveCfg = Release|TwinCAT RT (x64)
		{BEEDADD0-F1C8-4681-B422-0493FA23541E}.Release|TwinCAT RT (x64).Build.0 = Release|TwinCAT RT (x64)
		{BEEDADD0-F1C8-4681-B422-0493FA23541E}.Release|TwinCAT RT (x86).ActiveCfg = Release|TwinCAT RT (x86)
		{BEEDADD0-F1C8-4681-B422-0493FA23541E}.Release|TwinCAT RT (x86).Build.0 = Release|TwinCAT RT (x86)
		{5C208C78-EA9B-49DF-815A-84CCC5A87312}.Debug|TwinCAT CE7 (ARMV7).ActiveCfg = Debug|TwinCAT CE7 (ARMV7)
		{5C208C78-EA9B-49DF-815A-84CCC5A87312}.Debug|TwinCAT CE7 (ARMV7).Build.0 = Debug|TwinCAT CE7 (ARMV7)
		{5C208C78-EA9B-49DF-815A-84CCC5A87312}.Debug|TwinCAT OS (ARMT2).ActiveCfg = Debug|TwinCAT OS (ARMT2)
		{5C208C78-EA9B-49DF-815A-84CCC5A87312}.Debug|TwinCAT OS (ARMT2).Build.0 = Debug|TwinCAT OS (ARMT2)
		{5C208C78-EA9B-49DF-815A-84CCC5A87312}.Debug|TwinCAT RT (x64).ActiveCfg = Debug|TwinCAT RT (x64)
		{5C208C78-EA9B-49DF-815A-84CCC5A87312}.Debug|TwinCAT RT (x64).Build.0 = Debug|TwinCAT RT (x64)
		{5C208C78-EA9B-49DF-815A-84CCC5A87312}.Debug|TwinCAT RT (x86).ActiveCfg = Debug|TwinCAT RT (x86)
		{5C208C78-EA9B-49DF-815A-84CCC5A87312}.Debug|TwinCAT RT (x86).Build.0 = Debug|TwinCAT RT (x86)
		{5C208C78-EA9B-49DF-815A-84CCC5A87312}.Release|TwinCAT CE7 (ARMV7).ActiveCfg = Release|TwinCAT CE7 (ARMV7)
		{5C208C78-EA9B-49DF-815A-84CCC5A87312}.Release|TwinCAT CE7 (ARMV7).Build.0 = Release|TwinCAT CE7 (ARMV7)
		{5C208C78-EA9B-49DF-815A-84CCC5A87312}.Release|TwinCAT OS (ARMT2).ActiveCfg = Release|TwinCAT OS (ARMT2)
		{5C208C78-EA9B-49DF-815A-84CCC5A87312}.Release|TwinCAT OS (ARMT2).Build.0 = Release|TwinCAT OS (ARMT2)
		{5C208C78-EA9B-49DF-815A-84CCC5A87312}.Release|TwinCAT RT (x64).ActiveCfg = Release|TwinCAT RT (x64)
		{5C208C78-EA9B-49DF-815A-84CCC5A87312}.Release|TwinCAT RT (x64).Build.0 = Release|TwinCAT RT (x64)
		{5C208C78-EA9B-49DF-815A-84CCC5A87312}.Release|TwinCAT RT (x86).ActiveCfg = Release|TwinCAT RT (x86)
		{5C208C78-EA9B-49DF-815A-84CCC5A87312}.Release|TwinCAT RT (x86).Build.0 = Release|TwinCAT RT (x86)
		{444B23AD-FC2B-4B45-8DB2-A49FDD643875}.Debug|TwinCAT CE7 (ARMV7).ActiveCfg = Debug|TwinCAT CE7 (ARMV7)
		{444B23AD-FC2B-4B45-8DB2-A49FDD643875}.Debug|TwinCAT CE7 (ARMV7).Build.0 = Debug|TwinCAT CE7 (ARMV7)
		{444B23AD-FC2B-4B45-8DB2-A49FDD643875}.Debug|TwinCAT OS (ARMT2).ActiveCfg = Debug|TwinCAT OS (ARMT2)
		{444B23AD-FC2B-4B45-8DB2-A49FDD643875}.Debug|TwinCAT OS (ARMT2).Build.0 = Debug|TwinCAT OS (ARMT2)
		{444B23AD-FC2B-4B45-8DB2-A49FDD643875}.Debug|TwinCAT RT (x64).ActiveCfg = Debug|TwinCAT RT (x64)
		{444B23AD-FC2B-4B45-8DB2-A49FDD643875}.Debug|TwinCAT RT (x64).Build.0 = Debug|TwinCAT RT (x64)
		{444B23AD-FC2B-4B45-8DB2-A49FDD643875}.Debug|TwinCAT RT (x86).ActiveCfg = Debug|TwinCAT RT (x86)
		{444B23AD-FC2B-4B45-8DB2-A49FDD643875}.Debug|TwinCAT RT (x86).Build.0 = Debug|TwinCAT RT (x86)
		{444B23AD-FC2B-4B45-8DB2-A49FDD643875}.Release|TwinCAT CE7 (ARMV7).ActiveCfg = Release|TwinCAT CE7 (ARMV7)
		{444B23AD-FC2B-4B45-8DB2-A49FDD643875}.Release|TwinCAT CE7 (ARMV7).Build.0 = Release|TwinCAT CE7 (ARMV7)
		{444B23AD-FC2B-4B45-8DB2-A49FDD643875}.Release|TwinCAT OS (ARMT2).ActiveCfg = Release|TwinCAT OS (ARMT2)
		{444B23AD-FC2B-4B45-8DB2-A49FDD643875}.Release|TwinCAT OS (ARMT2).Build.0 = Release|TwinCAT OS (ARMT2)
		{444B23AD-FC2B-4B45-8DB2-A49FDD643875}.Release|TwinCAT RT (x64).ActiveCfg = Release|TwinCAT RT (x64)
		{444B23AD-FC2B-4B45-8DB2-A49FDD643875}.Release|TwinCAT RT (x64).Build.0 = Release|TwinCAT RT (x64)
		{444B23AD-FC2B-4B45-8DB2-A49FDD643875}.Release|TwinCAT RT (x86).ActiveCfg = Release|TwinCAT RT (x86)
		{444B23AD-FC2B-4B45-8DB2-A49FDD643875}.Release|TwinCAT RT (x86).Build.0 = Release|TwinCAT RT (x86)
		{C1296A96-B16D-4DDC-BAB2-94807968F2D0}.Debug|TwinCAT CE7 (ARMV7).ActiveCfg = Debug|TwinCAT CE7 (ARMV7)
		{C1296A96-B16D-4DDC-BAB2-94807968F2D0}.Debug|TwinCAT CE7 (ARMV7).Build.0 = Debug|TwinCAT CE7 (ARMV7)
		{C1296A96-B16D-4DDC-BAB2-94807968F2D0}.Debug|TwinCAT OS (ARMT2).ActiveCfg = Debug|TwinCAT OS (ARMT2)
		{C1296A96-B16D-4DDC-BAB2-94807968F2D0}.Debug|TwinCAT OS (ARMT2).Build.0 = Debug|TwinCAT OS (ARMT2)
		{C1296A96-B16D-4DDC-BAB2-94807968F2D0}.Debug|TwinCAT RT (x64).ActiveCfg = Debug|TwinCAT RT (x64)
		{C1296A96-B16D-4DDC-BAB2-94807968F2D0}.Debug|TwinCAT RT (x64).Build.0 = Debug|TwinCAT RT (x64)
		{C1296A96-B16D-4DDC-BAB2-94807968F2D0}.Debug|TwinCAT RT (x86).ActiveCfg = Debug|TwinCAT RT (x86)
		{C1296A96-B16D-4DDC-BAB2-94807968F2D0}.Debug|TwinCAT RT (x86).Build.0 = Debug|TwinCAT RT (x86)
		{C1296A96-B16D-4DDC-BAB2-94807968F2D0}.Release|TwinCAT CE7 (ARMV7).ActiveCfg = Release|TwinCAT CE7 (ARMV7)
		{C1296A96-B16D-4DDC-BAB2-94807968F2D0}.Release|TwinCAT CE7 (ARMV7).Build.0 = Release|TwinCAT CE7 (ARMV7)
		{C1296A96-B16D-4DDC-BAB2-94807968F2D0}.Release|TwinCAT OS (ARMT2).ActiveCfg = Release|TwinCAT OS (ARMT2)
		{C1296A96-B16D-4DDC-BAB2-94807968F2D0}.Release|TwinCAT OS (ARMT2).Build.0 = Release|TwinCAT OS (ARMT2)
		{C1296A96-B16D-4DDC-BAB2-94807968F2D0}.Release|TwinCAT RT (x64).ActiveCfg = Release|TwinCAT RT (x64)
		{C1296A96-B16D-4DDC-BAB2-94807968F2D0}.Release|TwinCAT RT (x64).Build.0 = Release|TwinCAT RT (x64)
		{C1296A96-B16D-4DDC-BAB2-94807968F2D0}.Release|TwinCAT RT (x86).ActiveCfg = Release|TwinCAT RT (x86)
		{C1296A96-B16D-4DDC-BAB2-94807968F2D0}.Release|TwinCAT RT (x86).Build.0 = Release|TwinCAT RT (x86)
		{2B549306-D8F8-4225-825D-15447805294F}.Debug|TwinCAT CE7 (ARMV7).ActiveCfg = Debug|TwinCAT CE7 (ARMV7)
		{2B549306-D8F8-4225-825D-15447805294F}.Debug|TwinCAT CE7 (ARMV7).Build.0 = Debug|TwinCAT CE7 (ARMV7)
		{2B549306-D8F8-4225-825D-15447805294F}.Debug|TwinCAT OS (ARMT2).ActiveCfg = Debug|TwinCAT OS (ARMT2)
		{2B549306-D8F8-4225-825D-15447805294F}.Debug|TwinCAT OS (ARMT2).Build.0 = Debug|TwinCAT OS (ARMT2)
		{2B549306-D8F8-4225-825D-15447805294F}.Debug|TwinCAT RT (x64).ActiveCfg = Debug|TwinCAT RT (x64)
		{2B549306-D8F8-4225-825D-15447805294F}.Debug|TwinCAT RT (x64).Build.0 = Debug|TwinCAT RT (x64)
		{2B549306-D8F8-4225-825D-15447805294F}.Debug|TwinCAT RT (x86).ActiveCfg = Debug|TwinCAT RT (x86)
		{2B549306-D8F8-4225-825D-15447805294F}.Debug|TwinCAT RT (x86).Build.0 = Debug|TwinCAT RT (x86)
		{2B549306-D8F8-4225-825D-15447805294F}.Release|TwinCAT CE7 (ARMV7).ActiveCfg = Release|TwinCAT CE7 (ARMV7)
		{2B549306-D8F8-4225-825D-15447805294F}.Release|TwinCAT CE7 (ARMV7).Build.0 = Release|TwinCAT CE7 (ARMV7)
		{2B549306-D8F8-4225-825D-15447805294F}.Release|TwinCAT OS (ARMT2).ActiveCfg = Release|TwinCAT OS (ARMT2)
		{2B549306-D8F8-4225-825D-15447805294F}.Release|TwinCAT OS (ARMT2).Build.0 = Release|TwinCAT OS (ARMT2)
		{2B549306-D8F8-4225-825D-15447805294F}.Release|TwinCAT RT (x64).ActiveCfg = Release|TwinCAT RT (x64)
		{2B549306-D8F8-4225-825D-15447805294F}.Release|TwinCAT RT (x64).Build.0 = Release|TwinCAT RT (x64)
		{2B549306-D8F8-4225-825D-15447805294F}.Release|TwinCAT RT (x86).ActiveCfg = Release|TwinCAT RT (x86)
		{2B549306-D8F8-4225-825D-15447805294F}.Release|TwinCAT RT (x86).Build.0 = Release|TwinCAT RT (x86)
		{5D4CB71F-6891-4650-9C32-DE8A75DC2402}.Debug|TwinCAT CE7 (ARMV7).ActiveCfg = Debug|TwinCAT CE7 (ARMV7)
		{5D4CB71F-6891-4650-9C32-DE8A75DC2402}.Debug|TwinCAT CE7 (ARMV7).Build.0 = Debug|TwinCAT CE7 (ARMV7)
		{5D4CB71F-6891-4650-9C32-DE8A75DC2402}.Debug|TwinCAT OS (ARMT2).ActiveCfg = Debug|TwinCAT OS (ARMT2)
		{5D4CB71F-6891-4650-9C32-DE8A75DC2402}.Debug|TwinCAT OS (ARMT2).Build.0 = Debug|TwinCAT OS (ARMT2)
		{5D4CB71F-6891-4650-9C32-DE8A75DC2402}.Debug|TwinCAT RT (x64).ActiveCfg = Debug|TwinCAT RT (x64)
		{5D4CB71F-6891-4650-9C32-DE8A75DC2402}.Debug|TwinCAT RT (x64).Build.0 = Debug|TwinCAT RT (x64)
		{5D4CB71F-6891-4650-9C32-DE8A75DC2402}.Debug|TwinCAT RT (x86).ActiveCfg = Debug|TwinCAT RT (x86)
		{5D4CB71F-6891-4650-9C32-DE8A75DC2402}.Debug|TwinCAT RT (x86).Build.0 = Debug|TwinCAT RT (x86)
		{5D4CB71F-6891-4650-9C32-DE8A75DC2402}.Release|TwinCAT CE7 (ARMV7).ActiveCfg = Release|TwinCAT CE7 (ARMV7)
		{5D4CB71F-6891-4650-9C32-DE8A75DC2402}.Release|TwinCAT CE7 (ARMV7).Build.0 = Release|TwinCAT CE7 (ARMV7)
		{5D4CB71F-6891-4650-9C32-DE8A75DC2402}.Release|TwinCAT OS (ARMT2).ActiveCfg = Release|TwinCAT OS (ARMT2)
		{5D4CB71F-6891-4650-9C32-DE8A75DC2402}.Release|TwinCAT OS (ARMT2).Build.0 = Release|TwinCAT OS (ARMT2)
		{5D4CB71F-6891-4650-9C32-DE8A75DC2402}.Release|TwinCAT RT (x64).ActiveCfg = Release|TwinCAT RT (x64)
		{5D4CB71F-6891-4650-9C32-DE8A75DC2402}.Release|TwinCAT RT (x64).Build.0 = Release|TwinCAT RT (x64)
		{5D4CB71F-6891-4650-9C32-DE8A75DC2402}.Release|TwinCAT RT (x86).ActiveCfg = Release|TwinCAT RT (x86)
		{5D4CB71F-6891-4650-9C32-DE8A75DC2402}.Release|TwinCAT RT (x86).Build.0 = Release|TwinCAT RT (x86)
		{914787AD-B5B3-4CAA-AC64-8FCA5CB215C4}.Debug|TwinCAT CE7 (ARMV7).ActiveCfg = Debug|TwinCAT CE7 (ARMV7)
		{914787AD-B5B3-4CAA-AC64-8FCA5CB215C4}.Debug|TwinCAT CE7 (ARMV7).Build.0 = Debug|TwinCAT CE7 (ARMV7)
		{914787AD-B5B3-4CAA-AC64-8FCA5CB215C4}.Debug|TwinCAT OS (ARMT2).ActiveCfg = Debug|TwinCAT OS (ARMT2)
		{914787AD-B5B3-4CAA-AC64-8FCA5CB215C4}.Debug|TwinCAT OS (ARMT2).Build.0 = Debug|TwinCAT OS (ARMT2)
		{914787AD-B5B3-4CAA-AC64-8FCA5CB215C4}.Debug|TwinCAT RT (x64).ActiveCfg = Debug|TwinCAT RT (x64)
		{914787AD-B5B3-4CAA-AC64-8FCA5CB215C4}.Debug|TwinCAT RT (x64).Build.0 = Debug|TwinCAT RT (x64)
		{914787AD-B5B3-4CAA-AC64-8FCA5CB215C4}.Debug|TwinCAT RT (x86).ActiveCfg = Debug|TwinCAT RT (x86)
		{914787AD-B5B3-4CAA-AC64-8FCA5CB215C4}.Debug|TwinCAT RT (x86).Build.0 = Debug|TwinCAT RT (x86)
		{914787AD-B5B3-4CAA-AC64-8FCA5CB215C4}.Release|TwinCAT CE7 (ARMV7).ActiveCfg = Release|TwinCAT CE7 (ARMV7)
		{914787AD-B5B3-4CAA-AC64-8FCA5CB215C4}.Release|TwinCAT CE7 (ARMV7).Build.0 = Release|TwinCAT CE7 (ARMV7)
		{914787AD-B5B3-4CAA-AC64-8FCA5CB215C4}.Release|TwinCAT OS (ARMT2).ActiveCfg = Release|TwinCAT OS (ARMT2)
		{914787AD-B5B3-4CAA-AC64-8FCA5CB215C4}.Release|TwinCAT OS (ARMT2).Build.0 = Release|TwinCAT OS (ARMT2)
		{914787AD-B5B3-4CAA-AC64-8FCA5CB215C4}.Release|TwinCAT RT (x64).ActiveCfg = Release|TwinCAT RT (x64)
		{914787AD-B5B3-4CAA-AC64-8FCA5CB215C4}.Release|TwinCAT RT (x64).Build.0 = Release|TwinCAT RT (x64)
		{914787AD-B5B3-4CAA-AC64-8FCA5CB215C4}.Release|TwinCAT RT (x86).ActiveCfg = Release|TwinCAT RT (x86)
		{914787AD-B5B3-4CAA-AC64-8FCA5CB215C4}.Release|TwinCAT RT (x86).Build.0 = Release|TwinCAT RT (x86)
		{38C14BD6-A931-4198-8966-889AC406E672}.Debug|TwinCAT CE7 (ARMV7).ActiveCfg = Debug|TwinCAT CE7 (ARMV7)
		{38C14BD6-A931-4198-8966-889AC406E672}.Debug|TwinCAT CE7 (ARMV7).Build.0 = Debug|TwinCAT CE7 (ARMV7)
		{38C14BD6-A931-4198-8966-889AC406E672}.Debug|TwinCAT OS (ARMT2).ActiveCfg = Debug|TwinCAT OS (ARMT2)
		{38C14BD6-A931-4198-8966-889AC406E672}.Debug|TwinCAT OS (ARMT2).Build.0 = Debug|TwinCAT OS (ARMT2)
		{38C14BD6-A931-4198-8966-889AC406E672}.Debug|TwinCAT RT (x64).ActiveCfg = Debug|TwinCAT RT (x64)
		{38C14BD6-A931-4198-8966-889AC406E672}.Debug|TwinCAT RT (x64).Build.0 = Debug|TwinCAT RT (x64)
		{38C14BD6-A931-4198-8966-889AC406E672}.Debug|TwinCAT RT (x86).ActiveCfg = Debug|TwinCAT RT (x86)
		{38C14BD6-A931-4198-8966-889AC406E672}.Debug|TwinCAT RT (x86).Build.0 = Debug|TwinCAT RT (x86)
		{38C14BD6-A931-4198-8966-889AC406E672}.Release|TwinCAT CE7 (ARMV7).ActiveCfg = Release|TwinCAT CE7 (ARMV7)
		{38C14BD6-A931-4198-8966-889AC406E672}.Release|TwinCAT CE7 (ARMV7).Build.0 = Release|TwinCAT CE7 (ARMV7)
		{38C14BD6-A931-4198-8966-889AC406E672}.Release|TwinCAT OS (ARMT2).ActiveCfg = Release|TwinCAT OS (ARMT2)
		{38C14BD6-A931-4198-8966-889AC406E672}.Release|TwinCAT OS (ARMT2).Build.0 = Release|TwinCAT OS (ARMT2)
		{38C14BD6-A931-4198-8966-889AC406E672}.Release|TwinCAT RT (x64).ActiveCfg = Release|TwinCAT RT (x64)
		{38C14BD6-A931-4198-8966-889AC406E672}.Release|TwinCAT RT (x64).Build.0 = Release|TwinCAT RT (x64)
		{38C14BD6-A931-4198-8966-889AC406E672}.Release|TwinCAT RT (x86).ActiveCfg = Release|TwinCAT RT (x86)
		{38C14BD6-A931-4198-8966-889AC406E672}.Release|TwinCAT RT (x86).Build.0 = Release|TwinCAT RT (x86)
		{27E315CD-E674-4844-B8E2-BD08237E7AB5}.Debug|TwinCAT CE7 (ARMV7).ActiveCfg = Debug|TwinCAT CE7 (ARMV7)
		{27E315CD-E674-4844-B8E2-BD08237E7AB5}.Debug|TwinCAT CE7 (ARMV7).Build.0 = Debug|TwinCAT CE7 (ARMV7)
		{27E315CD-E674-4844-B8E2-BD08237E7AB5}.Debug|TwinCAT OS (ARMT2).ActiveCfg = Debug|TwinCAT OS (ARMT2)
		{27E315CD-E674-4844-B8E2-BD08237E7AB5}.Debug|TwinCAT OS (ARMT2).Build.0 = Debug|TwinCAT OS (ARMT2)
		{27E315CD-E674-4844-B8E2-BD08237E7AB5}.Debug|TwinCAT RT (x64).ActiveCfg = Debug|TwinCAT RT (x64)
		{27E315CD-E674-4844-B8E2-BD08237E7AB5}.Debug|TwinCAT RT (x64).Build.0 = Debug|TwinCAT RT (x64)
		{27E315CD-E674-4844-B8E2-BD08237E7AB5}.Debug|TwinCAT RT (x86).ActiveCfg = Debug|TwinCAT RT (x86)
		{27E315CD-E674-4844-B8E2-BD08237E7AB5}.Debug|TwinCAT RT (x86).Build.0 = Debug|TwinCAT RT (x86)
		{27E315CD-E674-4844-B8E2-BD08237E7AB5}.Release|TwinCAT CE7 (ARMV7).ActiveCfg = Release|TwinCAT CE7 (ARMV7)
		{27E315CD-E674-4844-B8E2-BD08237E7AB5}.Release|TwinCAT CE7 (ARMV7).Build.0 = Release|TwinCAT CE7 (ARMV7)
		{27E315CD-E674-4844-B8E2-BD08237E7AB5}.Release|TwinCAT OS (ARMT2).ActiveCfg = Release|TwinCAT OS (ARMT2)
		{27E315CD-E674-4844-B8E2-BD08237E7AB5}.Release|TwinCAT OS (ARMT2).Build.0 = Release|TwinCAT OS (ARMT2)
		{27E315CD-E674-4844-B8E2-BD08237E7AB5}.Release|TwinCAT RT (x64).ActiveCfg = Release|TwinCAT RT (x64)
		{27E315CD-E674-4844-B8E2-BD08237E7AB5}.Release|TwinCAT RT (x64).Build.0 = Release|TwinCAT RT (x64)
		{27E315CD-E674-4844-B8E2-BD08237E7AB5}.Release|TwinCAT RT (x86).ActiveCfg = Release|TwinCAT RT (x86)
		{27E315CD-E674-4844-B8E2-BD08237E7AB5}.Release|TwinCAT RT (x86).Build.0 = Release|TwinCAT RT (x86)
		{56E376A3-189A-44B2-9FDE-2AD9BEA9D43F}.Debug|TwinCAT CE7 (ARMV7).ActiveCfg = Debug|TwinCAT CE7 (ARMV7)
		{56E376A3-189A-44B2-9FDE-2AD9BEA9D43F}.Debug|TwinCAT CE7 (ARMV7).Build.0 = Debug|TwinCAT CE7 (ARMV7)
		{56E376A3-189A-44B2-9FDE-2AD9BEA9D43F}.Debug|TwinCAT OS (ARMT2).ActiveCfg = Debug|TwinCAT OS (ARMT2)
		{56E376A3-189A-44B2-9FDE-2AD9BEA9D43F}.Debug|TwinCAT OS (ARMT2).Build.0 = Debug|TwinCAT OS (ARMT2)
		{56E376A3-189A-44B2-9FDE-2AD9BEA9D43F}.Debug|TwinCAT RT (x64).ActiveCfg = Debug|TwinCAT RT (x64)
		{56E376A3-189A-44B2-9FDE-2AD9BEA9D43F}.Debug|TwinCAT RT (x64).Build.0 = Debug|TwinCAT RT (x64)
		{56E376A3-189A-44B2-9FDE-2AD9BEA9D43F}.Debug|TwinCAT RT (x86).ActiveCfg = Debug|TwinCAT RT (x86)
		{56E376A3-189A-44B2-9FDE-2AD9BEA9D43F}.Debug|TwinCAT RT (x86).Build.0 = Debug|TwinCAT RT (x86)
		{56E376A3-189A-44B2-9FDE-2AD9BEA9D43F}.Release|TwinCAT CE7 (ARMV7).ActiveCfg = Release|TwinCAT CE7 (ARMV7)
		{56E376A3-189A-44B2-9FDE-2AD9BEA9D43F}.Release|TwinCAT CE7 (ARMV7).Build.0 = Release|TwinCAT CE7 (ARMV7)
		{56E376A3-189A-44B2-9FDE-2AD9BEA9D43F}.Release|TwinCAT OS (ARMT2).ActiveCfg = Release|TwinCAT OS (ARMT2)
		{56E376A3-189A-44B2-9FDE-2AD9BEA9D43F}.Release|TwinCAT OS (ARMT2).Build.0 = Release|TwinCAT OS (ARMT2)
		{56E376A3-189A-44B2-9FDE-2AD9BEA9D43F}.Release|TwinCAT RT (x64).ActiveCfg = Release|TwinCAT RT (x64)
		{56E376A3-189A-44B2-9FDE-2AD9BEA9D43F}.Release|TwinCAT RT (x64).Build.0 = Release|TwinCAT RT (x64)
		{56E376A3-189A-44B2-9FDE-2AD9BEA9D43F}.Release|TwinCAT RT (x86).ActiveCfg = Release|TwinCAT RT (x86)
		{56E376A3-189A-44B2-9FDE-2AD9BEA9D43F}.Release|TwinCAT RT (x86).Build.0 = Release|TwinCAT RT (x86)
		{1EBD82EC-6518-4668-8C3B-36C75C451C05}.Debug|TwinCAT CE7 (ARMV7).ActiveCfg = Debug|TwinCAT CE7 (ARMV7)
		{1EBD82EC-6518-4668-8C3B-36C75C451C05}.Debug|TwinCAT CE7 (ARMV7).Build.0 = Debug|TwinCAT CE7 (ARMV7)
		{1EBD82EC-6518-4668-8C3B-36C75C451C05}.Debug|TwinCAT OS (ARMT2).ActiveCfg = Debug|TwinCAT OS (ARMT2)
		{1EBD82EC-6518-4668-8C3B-36C75C451C05}.Debug|TwinCAT OS (ARMT2).Build.0 = Debug|TwinCAT OS (ARMT2)
		{1EBD82EC-6518-4668-8C3B-36C75C451C05}.Debug|TwinCAT RT (x64).ActiveCfg = Debug|TwinCAT RT (x64)
		{1EBD82EC-6518-4668-8C3B-36C75C451C05}.Debug|TwinCAT RT (x64).Build.0 = Debug|TwinCAT RT (x64)
		{1EBD82EC-6518-4668-8C3B-36C75C451C05}.Debug|TwinCAT RT (x86).ActiveCfg = Debug|TwinCAT RT (x86)
		{1EBD82EC-6518-4668-8C3B-36C75C451C05}.Debug|TwinCAT RT (x86).Build.0 = Debug|TwinCAT RT (x86)
		{1EBD82EC-6518-4668-8C3B-36C75C451C05}.Release|TwinCAT CE7 (ARMV7).ActiveCfg = Release|TwinCAT CE7 (ARMV7)
		{1EBD82EC-6518-4668-8C3B-36C75C451C05}.Release|TwinCAT CE7 (ARMV7).Build.0 = Release|TwinCAT CE7 (ARMV7)
		{1EBD82EC-6518-4668-8C3B-36C75C451C05}.Release|TwinCAT OS (ARMT2).ActiveCfg = Release|TwinCAT OS (ARMT2)
		{1EBD82EC-6518-4668-8C3B-36C75C451C05}.Release|TwinCAT OS (ARMT2).Build.0 = Release|TwinCAT OS (ARMT2)
		{1EBD82EC-6518-4668-8C3B-36C75C451C05}.Release|TwinCAT RT (x64).ActiveCfg = Release|TwinCAT RT (x64)
		{1EBD82EC-6518-4668-8C3B-36C75C451C05}.Release|TwinCAT RT (x64).Build.0 = Release|TwinCAT RT (x64)
		{1EBD82EC-6518-4668-8C3B-36C75C451C05}.Release|TwinCAT RT (x86).ActiveCfg = Release|TwinCAT RT (x86)
		{1EBD82EC-6518-4668-8C3B-36C75C451C05}.Release|TwinCAT RT (x86).Build.0 = Release|TwinCAT RT (x86)
		{2AB9BC9F-8AAD-4936-8AED-2D7212ED2517}.Debug|TwinCAT CE7 (ARMV7).ActiveCfg = Debug|TwinCAT CE7 (ARMV7)
		{2AB9BC9F-8AAD-4936-8AED-2D7212ED2517}.Debug|TwinCAT CE7 (ARMV7).Build.0 = Debug|TwinCAT CE7 (ARMV7)
		{2AB9BC9F-8AAD-4936-8AED-2D7212ED2517}.Debug|TwinCAT OS (ARMT2).ActiveCfg = Debug|TwinCAT OS (ARMT2)
		{2AB9BC9F-8AAD-4936-8AED-2D7212ED2517}.Debug|TwinCAT OS (ARMT2).Build.0 = Debug|TwinCAT OS (ARMT2)
		{2AB9BC9F-8AAD-4936-8AED-2D7212ED2517}.Debug|TwinCAT RT (x64).ActiveCfg = Debug|TwinCAT RT (x64)
		{2AB9BC9F-8AAD-4936-8AED-2D7212ED2517}.Debug|TwinCAT RT (x64).Build.0 = Debug|TwinCAT RT (x64)
		{2AB9BC9F-8AAD-4936-8AED-2D7212ED2517}.Debug|TwinCAT RT (x86).ActiveCfg = Debug|TwinCAT RT (x86)
		{2AB9BC9F-8AAD-4936-8AED-2D7212ED2517}.Debug|TwinCAT RT (x86).Build.0 = Debug|TwinCAT RT (x86)
		{2AB9BC9F-8AAD-4936-8AED-2D7212ED2517}.Release|TwinCAT CE7 (ARMV7).ActiveCfg = Release|TwinCAT CE7 (ARMV7)
		{2AB9BC9F-8AAD-4936-8AED-2D7212ED2517}.Release|TwinCAT CE7 (ARMV7).Build.0 = Release|TwinCAT CE7 (ARMV7)
		{2AB9BC9F-8AAD-4936-8AED-2D7212ED2517}.Release|TwinCAT OS (ARMT2).ActiveCfg = Release|TwinCAT OS (ARMT2)
		{2AB9BC9F-8AAD-4936-8AED-2D7212ED2517}.Release|TwinCAT OS (ARMT2).Build.0 = Release|TwinCAT OS (ARMT2)
		{2AB9BC9F-8AAD-4936-8AED-2D7212ED2517}.Release|TwinCAT RT (x64).ActiveCfg = Release|TwinCAT RT (x64)
		{2AB9BC9F-8AAD-4936-8AED-2D7212ED2517}.Release|TwinCAT RT (x64).Build.0 = Release|TwinCAT RT (x64)
		{2AB9BC9F-8AAD-4936-8AED-2D7212ED2517}.Release|TwinCAT RT (x86).ActiveCfg = Release|TwinCAT RT (x86)
		{2AB9BC9F-8AAD-4936-8AED-2D7212ED2517}.Release|TwinCAT RT (x86).Build.0 = Release|TwinCAT RT (x86)
		{4A0B5C48-1900-486E-A9F3-A191EC758CC2}.Debug|TwinCAT CE7 (ARMV7).ActiveCfg = Debug|TwinCAT CE7 (ARMV7)
		{4A0B5C48-1900-486E-A9F3-A191EC758CC2}.Debug|TwinCAT CE7 (ARMV7).Build.0 = Debug|TwinCAT CE7 (ARMV7)
		{4A0B5C48-1900-486E-A9F3-A191EC758CC2}.Debug|TwinCAT OS (ARMT2).ActiveCfg = Debug|TwinCAT OS (ARMT2)
		{4A0B5C48-1900-486E-A9F3-A191EC758CC2}.Debug|TwinCAT OS (ARMT2).Build.0 = Debug|TwinCAT OS (ARMT2)
		{4A0B5C48-1900-486E-A9F3-A191EC758CC2}.Debug|TwinCAT RT (x64).ActiveCfg = Debug|TwinCAT RT (x64)
		{4A0B5C48-1900-486E-A9F3-A191EC758CC2}.Debug|TwinCAT RT (x64).Build.0 = Debug|TwinCAT RT (x64)
		{4A0B5C48-1900-486E-A9F3-A191EC758CC2}.Debug|TwinCAT RT (x86).ActiveCfg = Debug|TwinCAT RT (x86)
		{4A0B5C48-1900-486E-A9F3-A191EC758CC2}.Debug|TwinCAT RT (x86).Build.0 = Debug|TwinCAT RT (x86)
		{4A0B5C48-1900-486E-A9F3-A191EC758CC2}.Release|TwinCAT CE7 (ARMV7).ActiveCfg = Release|TwinCAT CE7 (ARMV7)
		{4A0B5C48-1900-486E-A9F3-A191EC758CC2}.Release|TwinCAT CE7 (ARMV7).Build.0 = Release|TwinCAT CE7 (ARMV7)
		{4A0B5C48-1900-486E-A9F3-A191EC758CC2}.Release|TwinCAT OS (ARMT2).ActiveCfg = Release|TwinCAT OS (ARMT2)
		{4A0B5C48-1900-486E-A9F3-A191EC758CC2}.Release|TwinCAT OS (ARMT2).Build.0 = Release|TwinCAT OS (ARMT2)
		{4A0B5C48-1900-486E-A9F3-A191EC758CC2}.Release|TwinCAT RT (x64).ActiveCfg = Release|TwinCAT RT (x64)
		{4A0B5C48-1900-486E-A9F3-A191EC758CC2}.Release|TwinCAT RT (x64).Build.0 = Release|TwinCAT RT (x64)
		{4A0B5C48-1900-486E-A9F3-A191EC758CC2}.Release|TwinCAT RT (x86).ActiveCfg = Release|TwinCAT RT (x86)
		{4A0B5C48-1900-486E-A9F3-A191EC758CC2}.Release|TwinCAT RT (x86).Build.0 = Release|TwinCAT RT (x86)
		{795A1817-5A77-4574-9384-6082723E25B6}.Debug|TwinCAT CE7 (ARMV7).ActiveCfg = Debug|TwinCAT CE7 (ARMV7)
		{795A1817-5A77-4574-9384-6082723E25B6}.Debug|TwinCAT CE7 (ARMV7).Build.0 = Debug|TwinCAT CE7 (ARMV7)
		{795A1817-5A77-4574-9384-6082723E25B6}.Debug|TwinCAT OS (ARMT2).ActiveCfg = Debug|TwinCAT OS (ARMT2)
		{795A1817-5A77-4574-9384-6082723E25B6}.Debug|TwinCAT OS (ARMT2).Build.0 = Debug|TwinCAT OS (ARMT2)
		{795A1817-5A77-4574-9384-6082723E25B6}.Debug|TwinCAT RT (x64).ActiveCfg = Debug|TwinCAT RT (x64)
		{795A1817-5A77-4574-9384-6082723E25B6}.Debug|TwinCAT RT (x64).Build.0 = Debug|TwinCAT RT (x64)
		{795A1817-5A77-4574-9384-6082723E25B6}.Debug|TwinCAT RT (x86).ActiveCfg = Debug|TwinCAT RT (x86)
		{795A1817-5A77-4574-9384-6082723E25B6}.Debug|TwinCAT RT (x86).Build.0 = Debug|TwinCAT RT (x86)
		{795A1817-5A77-4574-9384-6082723E25B6}.Release|TwinCAT CE7 (ARMV7).ActiveCfg = Release|TwinCAT CE7 (ARMV7)
		{795A1817-5A77-4574-9384-6082723E25B6}.Release|TwinCAT CE7 (ARMV7).Build.0 = Release|TwinCAT CE7 (ARMV7)
		{795A1817-5A77-4574-9384-6082723E25B6}.Release|TwinCAT OS (ARMT2).ActiveCfg = Release|TwinCAT OS (ARMT2)
		{795A1817-5A77-4574-9384-6082723E25B6}.Release|TwinCAT OS (ARMT2).Build.0 = Release|TwinCAT OS (ARMT2)
		{795A1817-5A77-4574-9384-6082723E25B6}.Release|TwinCAT RT (x64).ActiveCfg = Release|TwinCAT RT (x64)
		{795A1817-5A77-4574-9384-6082723E25B6}.Release|TwinCAT RT (x64).Build.0 = Release|TwinCAT RT (x64)
		{795A1817-5A77-4574-9384-6082723E25B6}.Release|TwinCAT RT (x86).ActiveCfg = Release|TwinCAT RT (x86)
		{795A1817-5A77-4574-9384-6082723E25B6}.Release|TwinCAT RT (x86).Build.0 = Release|TwinCAT RT (x86)
		{1086795E-E022-47F0-B3D0-0D699ED1254F}.Debug|TwinCAT CE7 (ARMV7).ActiveCfg = Debug|TwinCAT CE7 (ARMV7)
		{1086795E-E022-47F0-B3D0-0D699ED1254F}.Debug|TwinCAT CE7 (ARMV7).Build.0 = Debug|TwinCAT CE7 (ARMV7)
		{1086795E-E022-47F0-B3D0-0D699ED1254F}.Debug|TwinCAT OS (ARMT2).ActiveCfg = Debug|TwinCAT OS (ARMT2)
		{1086795E-E022-47F0-B3D0-0D699ED1254F}.Debug|TwinCAT OS (ARMT2).Build.0 = Debug|TwinCAT OS (ARMT2)
		{1086795E-E022-47F0-B3D0-0D699ED1254F}.Debug|TwinCAT RT (x64).ActiveCfg = Debug|TwinCAT RT (x64)
		{1086795E-E022-47F0-B3D0-0D699ED1254F}.Debug|TwinCAT RT (x64).Build.0 = Debug|TwinCAT RT (x64)
		{1086795E-E022-47F0-B3D0-0D699ED1254F}.Debug|TwinCAT RT (x86).ActiveCfg = Debug|TwinCAT RT (x86)
		{1086795E-E022-47F0-B3D0-0D699ED1254F}.Debug|TwinCAT RT (x86).Build.0 = Debug|TwinCAT RT (x86)
		{1086795E-E022-47F0-B3D0-0D699ED1254F}.Release|TwinCAT CE7 (ARMV7).ActiveCfg = Release|TwinCAT CE7 (ARMV7)
		{1086795E-E022-47F0-B3D0-0D699ED1254F}.Release|TwinCAT CE7 (ARMV7).Build.0 = Release|TwinCAT CE7 (ARMV7)
		{1086795E-E022-47F0-B3D0-0D699ED1254F}.Release|TwinCAT OS (ARMT2).ActiveCfg = Release|TwinCAT OS (ARMT2)
		{1086795E-E022-47F0-B3D0-0D699ED1254F}.Release|TwinCAT OS (ARMT2).Build.0 = Release|TwinCAT OS (ARMT2)
		{1086795E-E022-47F0-B3D0-0D699ED1254F}.Release|TwinCAT RT (x64).ActiveCfg = Release|TwinCAT RT (x64)
		{1086795E-E022-47F0-B3D0-0D699ED1254F}.Release|TwinCAT RT (x64).Build.0 = Release|TwinCAT RT (x64)
		{1086795E-E022-47F0-B3D0-0D699ED1254F}.Release|TwinCAT RT (x86).ActiveCfg = Release|TwinCAT RT (x86)
		{1086795E-E022-47F0-B3D0-0D699ED1254F}.Release|TwinCAT RT (x86).Build.0 = Release|TwinCAT RT (x86)
		{361DAF55-9DD1-4AE6-97D3-B3A604540465}.Debug|TwinCAT CE7 (ARMV7).ActiveCfg = Debug|TwinCAT CE7 (ARMV7)
		{361DAF55-9DD1-4AE6-97D3-B3A604540465}.Debug|TwinCAT CE7 (ARMV7).Build.0 = Debug|TwinCAT CE7 (ARMV7)
		{361DAF55-9DD1-4AE6-97D3-B3A604540465}.Debug|TwinCAT OS (ARMT2).ActiveCfg = Debug|TwinCAT OS (ARMT2)
		{361DAF55-9DD1-4AE6-97D3-B3A604540465}.Debug|TwinCAT OS (ARMT2).Build.0 = Debug|TwinCAT OS (ARMT2)
		{361DAF55-9DD1-4AE6-97D3-B3A604540465}.Debug|TwinCAT RT (x64).ActiveCfg = Debug|TwinCAT RT (x64)
		{361DAF55-9DD1-4AE6-97D3-B3A604540465}.Debug|TwinCAT RT (x64).Build.0 = Debug|TwinCAT RT (x64)
		{361DAF55-9DD1-4AE6-97D3-B3A604540465}.Debug|TwinCAT RT (x86).ActiveCfg = Debug|TwinCAT RT (x86)
		{361DAF55-9DD1-4AE6-97D3-B3A604540465}.Debug|TwinCAT RT (x86).Build.0 = Debug|TwinCAT RT (x86)
		{361DAF55-9DD1-4AE6-97D3-B3A604540465}.Release|TwinCAT CE7 (ARMV7).ActiveCfg = Release|TwinCAT CE7 (ARMV7)
		{361DAF55-9DD1-4AE6-97D3-B3A604540465}.Release|TwinCAT CE7 (ARMV7).Build.0 = Release|TwinCAT CE7 (ARMV7)
		{361DAF55-9DD1-4AE6-97D3-B3A604540465}.Release|TwinCAT OS (ARMT2).ActiveCfg = Release|TwinCAT OS (ARMT2)
		{361DAF55-9DD1-4AE6-97D3-B3A604540465}.Release|TwinCAT OS (ARMT2).Build.0 = Release|TwinCAT OS (ARMT2)
		{361DAF55-9DD1-4AE6-97D3-B3A604540465}.Release|TwinCAT RT (x64).ActiveCfg = Release|TwinCAT RT (x64)
		{361DAF55-9DD1-4AE6-97D3-B3A604540465}.Release|TwinCAT RT (x64).Build.0 = Release|TwinCAT RT (x64)
		{361DAF55-9DD1-4AE6-97D3-B3A604540465}.Release|TwinCAT RT (x86).ActiveCfg = Release|TwinCAT RT (x86)
		{361DAF55-9DD1-4AE6-97D3-B3A604540465}.Release|TwinCAT RT (x86).Build.0 = Release|TwinCAT RT (x86)
		{216E38F8-C58D-47DF-819E-423BEC57D7A5}.Debug|TwinCAT CE7 (ARMV7).ActiveCfg = Debug|TwinCAT CE7 (ARMV7)
		{216E38F8-C58D-47DF-819E-423BEC57D7A5}.Debug|TwinCAT CE7 (ARMV7).Build.0 = Debug|TwinCAT CE7 (ARMV7)
		{216E38F8-C58D-47DF-819E-423BEC57D7A5}.Debug|TwinCAT OS (ARMT2).ActiveCfg = Debug|TwinCAT OS (ARMT2)
		{216E38F8-C58D-47DF-819E-423BEC57D7A5}.Debug|TwinCAT OS (ARMT2).Build.0 = Debug|TwinCAT OS (ARMT2)
		{216E38F8-C58D-47DF-819E-423BEC57D7A5}.Debug|TwinCAT RT (x64).ActiveCfg = Debug|TwinCAT RT (x64)
		{216E38F8-C58D-47DF-819E-423BEC57D7A5}.Debug|TwinCAT RT (x64).Build.0 = Debug|TwinCAT RT (x64)
		{216E38F8-C58D-47DF-819E-423BEC57D7A5}.Debug|TwinCAT RT (x86).ActiveCfg = Debug|TwinCAT RT (x86)
		{216E38F8-C58D-47DF-819E-423BEC57D7A5}.Debug|TwinCAT RT (x86).Build.0 = Debug|TwinCAT RT (x86)
		{216E38F8-C58D-47DF-819E-423BEC57D7A5}.Release|TwinCAT CE7 (ARMV7).ActiveCfg = Release|TwinCAT CE7 (ARMV7)
		{216E38F8-C58D-47DF-819E-423BEC57D7A5}.Release|TwinCAT CE7 (ARMV7).Build.0 = Release|TwinCAT CE7 (ARMV7)
		{216E38F8-C58D-47DF-819E-423BEC57D7A5}.Release|TwinCAT OS (ARMT2).ActiveCfg = Release|TwinCAT OS (ARMT2)
		{216E38F8-C58D-47DF-819E-423BEC57D7A5}.Release|TwinCAT OS (ARMT2).Build.0 = Release|TwinCAT OS (ARMT2)
		{216E38F8-C58D-47DF-819E-423BEC57D7A5}.Release|TwinCAT RT (x64).ActiveCfg = Release|TwinCAT RT (x64)
		{216E38F8-C58D-47DF-819E-423BEC57D7A5}.Release|TwinCAT RT (x64).Build.0 = Release|TwinCAT RT (x64)
		{216E38F8-C58D-47DF-819E-423BEC57D7A5}.Release|TwinCAT RT (x86).ActiveCfg = Release|TwinCAT RT (x86)
		{216E38F8-C58D-47DF-819E-423BEC57D7A5}.Release|TwinCAT RT (x86).Build.0 = Release|TwinCAT RT (x86)
		{E75B92A2-EFA9-430E-A579-A6390204646A}.Debug|TwinCAT CE7 (ARMV7).ActiveCfg = Debug|TwinCAT CE7 (ARMV7)
		{E75B92A2-EFA9-430E-A579-A6390204646A}.Debug|TwinCAT CE7 (ARMV7).Build.0 = Debug|TwinCAT CE7 (ARMV7)
		{E75B92A2-EFA9-430E-A579-A6390204646A}.Debug|TwinCAT OS (ARMT2).ActiveCfg = Debug|TwinCAT OS (ARMT2)
		{E75B92A2-EFA9-430E-A579-A6390204646A}.Debug|TwinCAT OS (ARMT2).Build.0 = Debug|TwinCAT OS (ARMT2)
		{E75B92A2-EFA9-430E-A579-A6390204646A}.Debug|TwinCAT RT (x64).ActiveCfg = Debug|TwinCAT RT (x64)
		{E75B92A2-EFA9-430E-A579-A6390204646A}.Debug|TwinCAT RT (x64).Build.0 = Debug|TwinCAT RT (x64)
		{E75B92A2-EFA9-430E-A579-A6390204646A}.Debug|TwinCAT RT (x86).ActiveCfg = Debug|TwinCAT RT (x86)
		{E75B92A2-EFA9-430E-A579-A6390204646A}.Debug|TwinCAT RT (x86).Build.0 = Debug|TwinCAT RT (x86)
		{E75B92A2-EFA9-430E-A579-A6390204646A}.Release|TwinCAT CE7 (ARMV7).ActiveCfg = Release|TwinCAT CE7 (ARMV7)
		{E75B92A2-EFA9-430E-A579-A6390204646A}.Release|TwinCAT CE7 (ARMV7).Build.0 = Release|TwinCAT CE7 (ARMV7)
		{E75B92A2-EFA9-430E-A579-A6390204646A}.Release|TwinCAT OS (ARMT2).ActiveCfg = Release|TwinCAT OS (ARMT2)
		{E75B92A2-EFA9-430E-A579-A6390204646A}.Release|TwinCAT OS (ARMT2).Build.0 = Release|TwinCAT OS (ARMT2)
		{E75B92A2-EFA9-430E-A579-A6390204646A}.Release|TwinCAT RT (x64).ActiveCfg = Release|TwinCAT RT (x64)
		{E75B92A2-EFA9-430E-A579-A6390204646A}.Release|TwinCAT RT (x64).Build.0 = Release|TwinCAT RT (x64)
		{E75B92A2-EFA9-430E-A579-A6390204646A}.Release|TwinCAT RT (x86).ActiveCfg = Release|TwinCAT RT (x86)
		{E75B92A2-EFA9-430E-A579-A6390204646A}.Release|TwinCAT RT (x86).Build.0 = Release|TwinCAT RT (x86)
		{FB0E71F1-3DF7-4E5A-9244-5011B503AF3E}.Debug|TwinCAT CE7 (ARMV7).ActiveCfg = Debug|TwinCAT CE7 (ARMV7)
		{FB0E71F1-3DF7-4E5A-9244-5011B503AF3E}.Debug|TwinCAT CE7 (ARMV7).Build.0 = Debug|TwinCAT CE7 (ARMV7)
		{FB0E71F1-3DF7-4E5A-9244-5011B503AF3E}.Debug|TwinCAT OS (ARMT2).ActiveCfg = Debug|TwinCAT OS (ARMT2)
		{FB0E71F1-3DF7-4E5A-9244-5011B503AF3E}.Debug|TwinCAT OS (ARMT2).Build.0 = Debug|TwinCAT OS (ARMT2)
		{FB0E71F1-3DF7-4E5A-9244-5011B503AF3E}.Debug|TwinCAT RT (x64).ActiveCfg = Debug|TwinCAT RT (x64)
		{FB0E71F1-3DF7-4E5A-9244-5011B503AF3E}.Debug|TwinCAT RT (x64).Build.0 = Debug|TwinCAT RT (x64)
		{FB0E71F1-3DF7-4E5A-9244-5011B503AF3E}.Debug|TwinCAT RT (x86).ActiveCfg = Debug|TwinCAT RT (x86)
		{FB0E71F1-3DF7-4E5A-9244-5011B503AF3E}.Debug|TwinCAT RT (x86).Build.0 = Debug|TwinCAT RT (x86)
		{FB0E71F1-3DF7-4E5A-9244-5011B503AF3E}.Release|TwinCAT CE7 (ARMV7).ActiveCfg = Release|TwinCAT CE7 (ARMV7)
		{FB0E71F1-3DF7-4E5A-9244-5011B503AF3E}.Release|TwinCAT CE7 (ARMV7).Build.0 = Release|TwinCAT CE7 (ARMV7)
		{FB0E71F1-3DF7-4E5A-9244-5011B503AF3E}.Release|TwinCAT OS (ARMT2).ActiveCfg = Release|TwinCAT OS (ARMT2)
		{FB0E71F1-3DF7-4E5A-9244-5011B503AF3E}.Release|TwinCAT OS (ARMT2).Build.0 = Release|TwinCAT OS (ARMT2)
		{FB0E71F1-3DF7-4E5A-9244-5011B503AF3E}.Release|TwinCAT RT (x64).ActiveCfg = Release|TwinCAT RT (x64)
		{FB0E71F1-3DF7-4E5A-9244-5011B503AF3E}.Release|TwinCAT RT (x64).Build.0 = Release|TwinCAT RT (x64)
		{FB0E71F1-3DF7-4E5A-9244-5011B503AF3E}.Release|TwinCAT RT (x86).ActiveCfg = Release|TwinCAT RT (x86)
		{FB0E71F1-3DF7-4E5A-9244-5011B503AF3E}.Release|TwinCAT RT (x86).Build.0 = Release|TwinCAT RT (x86)
		{88EBE39C-6BD9-40DC-B875-8AF4B90C9A86}.Debug|TwinCAT CE7 (ARMV7).ActiveCfg = Debug|TwinCAT CE7 (ARMV7)
		{88EBE39C-6BD9-40DC-B875-8AF4B90C9A86}.Debug|TwinCAT CE7 (ARMV7).Build.0 = Debug|TwinCAT CE7 (ARMV7)
		{88EBE39C-6BD9-40DC-B875-8AF4B90C9A86}.Debug|TwinCAT OS (ARMT2).ActiveCfg = Debug|TwinCAT OS (ARMT2)
		{88EBE39C-6BD9-40DC-B875-8AF4B90C9A86}.Debug|TwinCAT OS (ARMT2).Build.0 = Debug|TwinCAT OS (ARMT2)
		{88EBE39C-6BD9-40DC-B875-8AF4B90C9A86}.Debug|TwinCAT RT (x64).ActiveCfg = Debug|TwinCAT RT (x64)
		{88EBE39C-6BD9-40DC-B875-8AF4B90C9A86}.Debug|TwinCAT RT (x64).Build.0 = Debug|TwinCAT RT (x64)
		{88EBE39C-6BD9-40DC-B875-8AF4B90C9A86}.Debug|TwinCAT RT (x86).ActiveCfg = Debug|TwinCAT RT (x86)
		{88EBE39C-6BD9-40DC-B875-8AF4B90C9A86}.Debug|TwinCAT RT (x86).Build.0 = Debug|TwinCAT RT (x86)
		{88EBE39C-6BD9-40DC-B875-8AF4B90C9A86}.Release|TwinCAT CE7 (ARMV7).ActiveCfg = Release|TwinCAT CE7 (ARMV7)
		{88EBE39C-6BD9-40DC-B875-8AF4B90C9A86}.Release|TwinCAT CE7 (ARMV7).Build.0 = Release|TwinCAT CE7 (ARMV7)
		{88EBE39C-6BD9-40DC-B875-8AF4B90C9A86}.Release|TwinCAT OS (ARMT2).ActiveCfg = Release|TwinCAT OS (ARMT2)
		{88EBE39C-6BD9-40DC-B875-8AF4B90C9A86}.Release|TwinCAT OS (ARMT2).Build.0 = Release|TwinCAT OS (ARMT2)
		{88EBE39C-6BD9-40DC-B875-8AF4B90C9A86}.Release|TwinCAT RT (x64).ActiveCfg = Release|TwinCAT RT (x64)
		{88EBE39C-6BD9-40DC-B875-8AF4B90C9A86}.Release|TwinCAT RT (x64).Build.0 = Release|TwinCAT RT (x64)
		{88EBE39C-6BD9-40DC-B875-8AF4B90C9A86}.Release|TwinCAT RT (x86).ActiveCfg = Release|TwinCAT RT (x86)
		{88EBE39C-6BD9-40DC-B875-8AF4B90C9A86}.Release|TwinCAT RT (x86).Build.0 = Release|TwinCAT RT (x86)
		{3B51A884-A6FA-4ADC-907B-B3C38FF940F6}.Debug|TwinCAT CE7 (ARMV7).ActiveCfg = Debug|TwinCAT CE7 (ARMV7)
		{3B51A884-A6FA-4ADC-907B-B3C38FF940F6}.Debug|TwinCAT CE7 (ARMV7).Build.0 = Debug|TwinCAT CE7 (ARMV7)
		{3B51A884-A6FA-4ADC-907B-B3C38FF940F6}.Debug|TwinCAT OS (ARMT2).ActiveCfg = Debug|TwinCAT OS (ARMT2)
		{3B51A884-A6FA-4ADC-907B-B3C38FF940F6}.Debug|TwinCAT OS (ARMT2).Build.0 = Debug|TwinCAT OS (ARMT2)
		{3B51A884-A6FA-4ADC-907B-B3C38FF940F6}.Debug|TwinCAT RT (x64).ActiveCfg = Debug|TwinCAT RT (x64)
		{3B51A884-A6FA-4ADC-907B-B3C38FF940F6}.Debug|TwinCAT RT (x64).Build.0 = Debug|TwinCAT RT (x64)
		{3B51A884-A6FA-4ADC-907B-B3C38FF940F6}.Debug|TwinCAT RT (x86).ActiveCfg = Debug|TwinCAT RT (x86)
		{3B51A884-A6FA-4ADC-907B-B3C38FF940F6}.Debug|TwinCAT RT (x86).Build.0 = Debug|TwinCAT RT (x86)
		{3B51A884-A6FA-4ADC-907B-B3C38FF940F6}.Release|TwinCAT CE7 (ARMV7).ActiveCfg = Release|TwinCAT CE7 (ARMV7)
		{3B51A884-A6FA-4ADC-907B-B3C38FF940F6}.Release|TwinCAT CE7 (ARMV7).Build.0 = Release|TwinCAT CE7 (ARMV7)
		{3B51A884-A6FA-4ADC-907B-B3C38FF940F6}.Release|TwinCAT OS (ARMT2).ActiveCfg = Release|TwinCAT OS (ARMT2)
		{3B51A884-A6FA-4ADC-907B-B3C38FF940F6}.Release|TwinCAT OS (ARMT2).Build.0 = Release|TwinCAT OS (ARMT2)
		{3B51A884-A6FA-4ADC-907B-B3C38FF940F6}.Release|TwinCAT RT (x64).ActiveCfg = Release|TwinCAT RT (x64)
		{3B51A884-A6FA-4ADC-907B-B3C38FF940F6}.Release|TwinCAT RT (x64).Build.0 = Release|TwinCAT RT (x64)
		{3B51A884-A6FA-4ADC-907B-B3C38FF940F6}.Release|TwinCAT RT (x86).ActiveCfg = Release|TwinCAT RT (x86)
		{3B51A884-A6FA-4ADC-907B-B3C38FF940F6}.Release|TwinCAT RT (x86).Build.0 = Release|TwinCAT RT (x86)
		{4ABDFC43-B3AE-4A20-81E8-7F6618CEAB87}.Debug|TwinCAT CE7 (ARMV7).ActiveCfg = Debug|TwinCAT CE7 (ARMV7)
		{4ABDFC43-B3AE-4A20-81E8-7F6618CEAB87}.Debug|TwinCAT CE7 (ARMV7).Build.0 = Debug|TwinCAT CE7 (ARMV7)
		{4ABDFC43-B3AE-4A20-81E8-7F6618CEAB87}.Debug|TwinCAT OS (ARMT2).ActiveCfg = Debug|TwinCAT OS (ARMT2)
		{4ABDFC43-B3AE-4A20-81E8-7F6618CEAB87}.Debug|TwinCAT OS (ARMT2).Build.0 = Debug|TwinCAT OS (ARMT2)
		{4ABDFC43-B3AE-4A20-81E8-7F6618CEAB87}.Debug|TwinCAT RT (x64).ActiveCfg = Debug|TwinCAT RT (x64)
		{4ABDFC43-B3AE-4A20-81E8-7F6618CEAB87}.Debug|TwinCAT RT (x64).Build.0 = Debug|TwinCAT RT (x64)
		{4ABDFC43-B3AE-4A20-81E8-7F6618CEAB87}.Debug|TwinCAT RT (x86).ActiveCfg = Debug|TwinCAT RT (x86)
		{4ABDFC43-B3AE-4A20-81E8-7F6618CEAB87}.Debug|TwinCAT RT (x86).Build.0 = Debug|TwinCAT RT (x86)
		{4ABDFC43-B3AE-4A20-81E8-7F6618CEAB87}.Release|TwinCAT CE7 (ARMV7).ActiveCfg = Release|TwinCAT CE7 (ARMV7)
		{4ABDFC43-B3AE-4A20-81E8-7F6618CEAB87}.Release|TwinCAT CE7 (ARMV7).Build.0 = Release|TwinCAT CE7 (ARMV7)
		{4ABDFC43-B3AE-4A20-81E8-7F6618CEAB87}.Release|TwinCAT OS (ARMT2).ActiveCfg = Release|TwinCAT OS (ARMT2)
		{4ABDFC43-B3AE-4A20-81E8-7F6618CEAB87}.Release|TwinCAT OS (ARMT2).Build.0 = Release|TwinCAT OS (ARMT2)
		{4ABDFC43-B3AE-4A20-81E8-7F6618CEAB87}.Release|TwinCAT RT (x64).ActiveCfg = Release|TwinCAT RT (x64)
		{4ABDFC43-B3AE-4A20-81E8-7F6618CEAB87}.Release|TwinCAT RT (x64).Build.0 = Release|TwinCAT RT (x64)
		{4ABDFC43-B3AE-4A20-81E8-7F6618CEAB87}.Release|TwinCAT RT (x86).ActiveCfg = Release|TwinCAT RT (x86)
		{4ABDFC43-B3AE-4A20-81E8-7F6618CEAB87}.Release|TwinCAT RT (x86).Build.0 = Release|TwinCAT RT (x86)
	EndGlobalSection
	GlobalSection(SolutionProperties) = preSolution
		HideSolutionNode = FALSE
	EndGlobalSection
	GlobalSection(NestedProjects) = preSolution
		{6C8F4EB4-8438-45C6-9DD7-0A17A3EFEB19} = {BD3329C4-D254-4243-952E-2A72BAED8B18}
		{1CEB9DA1-FB2C-4ECD-B127-AAB55761D846} = {BD3329C4-D254-4243-952E-2A72BAED8B18}
		{65C350B9-E611-43A8-BAE0-1695A0E88E10} = {BD3329C4-D254-4243-952E-2A72BAED8B18}
		{5F8AD98F-766E-497D-BF5B-B194911A29E3} = {BD3329C4-D254-4243-952E-2A72BAED8B18}
		{3CF3DE00-89B1-4F9B-BBF5-0808F5AEDD44} = {BD3329C4-D254-4243-952E-2A72BAED8B18}
		{2B418C96-E5F1-4D3B-83D2-C2D6610A4371} = {20AE68FA-FCE1-40F2-82CF-111EDEC07138}
		{F96B08BF-A419-4068-949D-E299E51D6E70} = {20AE68FA-FCE1-40F2-82CF-111EDEC07138}
		{D60EA097-C366-434C-8216-137A53E9DBD1} = {20AE68FA-FCE1-40F2-82CF-111EDEC07138}
		{6CECE1ED-E2B4-4C7D-88CA-EBE3C9D347D8} = {20AE68FA-FCE1-40F2-82CF-111EDEC07138}
		{3C922D1D-483A-4377-84FF-DF75F1ACF375} = {20AE68FA-FCE1-40F2-82CF-111EDEC07138}
		{9726DB98-B3CF-48BF-B5DB-4C3511F9FA54} = {20AE68FA-FCE1-40F2-82CF-111EDEC07138}
		{996A2EDD-74B5-4EFE-BA75-8AB5FD21ECCC} = {C81935DA-ADCC-47A4-A9B0-7AB3BA48C4AE}
		{CC0E07BB-3968-4C23-957F-74F03DDAEAD7} = {20AE68FA-FCE1-40F2-82CF-111EDEC07138}
		{E9F8A995-FBFE-445E-A0FA-675AE4DE0361} = {C81935DA-ADCC-47A4-A9B0-7AB3BA48C4AE}
		{20A7B155-19BB-44BF-A54B-8098E7A49749} = {C81935DA-ADCC-47A4-A9B0-7AB3BA48C4AE}
		{DA254766-0833-4B28-AEAA-9D801E19EE2B} = {C81935DA-ADCC-47A4-A9B0-7AB3BA48C4AE}
		{3616D6B4-1051-4496-8C1E-40F34B895223} = {C81935DA-ADCC-47A4-A9B0-7AB3BA48C4AE}
		{BEC409EA-BD62-4E32-87B1-CABC1DA75C06} = {C81935DA-ADCC-47A4-A9B0-7AB3BA48C4AE}
		{2FFA72D0-03BE-4C9B-A2F7-5C0A1120D275} = {C81935DA-ADCC-47A4-A9B0-7AB3BA48C4AE}
		{B13645C2-22E0-4151-BBE5-50A1A48FEEEF} = {20AE68FA-FCE1-40F2-82CF-111EDEC07138}
		{6760C8C7-EE14-4D0A-A4B3-6282EBEEED04} = {20AE68FA-FCE1-40F2-82CF-111EDEC07138}
		{A0B9AAF4-31EC-4B1B-940B-926857B9884B} = {20AE68FA-FCE1-40F2-82CF-111EDEC07138}
		{D257BAA0-C9AB-4BCE-9684-C791D06436AC} = {20AE68FA-FCE1-40F2-82CF-111EDEC07138}
		{134BDB4B-8C67-4907-9732-7045B5B2B131} = {20AE68FA-FCE1-40F2-82CF-111EDEC07138}
		{1883F847-16C0-4C54-A24D-B7787083864E} = {BD3329C4-D254-4243-952E-2A72BAED8B18}
	EndGlobalSection
	GlobalSection(ExtensibilityGlobals) = postSolution
		SolutionGuid = {45AD0A1F-9809-4CFB-8A80-9324D8C3E0F5}
	EndGlobalSection
EndGlobal
